
Microsoft Visual Studio Solution File, Format Version 12.00
# Visual Studio Version 16
VisualStudioVersion = 16.0.29509.3
MinimumVisualStudioVersion = 15.0.26124.0
Project("{9A19103F-16F7-4668-BE54-9A1E7A4F7556}") = "Prise", "src\Prise\Prise.csproj", "{38C0A189-8714-491E-8CBA-BF6EAF19B1FA}"
EndProject
Project("{9A19103F-16F7-4668-BE54-9A1E7A4F7556}") = "Prise.Plugin", "src\Prise.Plugin\Prise.Plugin.csproj", "{386FDCE1-5118-457E-BA33-6DE6302DFAC2}"
EndProject
Project("{9A19103F-16F7-4668-BE54-9A1E7A4F7556}") = "Prise.AssemblyScanning", "src\Prise.AssemblyScanning\Prise.AssemblyScanning.csproj", "{2B77711C-CD34-43F3-97D5-D87F5F3AEDC9}"
EndProject
Project("{9A19103F-16F7-4668-BE54-9A1E7A4F7556}") = "Prise.AssemblyScanning.Discovery", "src\Prise.AssemblyScanning.Discovery\Prise.AssemblyScanning.Discovery.csproj", "{67A0C49A-6869-499A-A51C-22B74B475B36}"
EndProject
Project("{2150E333-8FDC-42A3-9474-1A3956D46DE8}") = "Tests", "Tests", "{80882D6A-FC86-4D7B-8EF7-53B2791B0A6B}"
EndProject
Project("{9A19103F-16F7-4668-BE54-9A1E7A4F7556}") = "Prise.Mvc", "src\Prise.Mvc\Prise.Mvc.csproj", "{2C686427-202A-4E50-8CC1-AE7BC3A867E0}"
EndProject
Project("{9A19103F-16F7-4668-BE54-9A1E7A4F7556}") = "Prise.Tests", "src\Tests\Prise.Tests\Prise.Tests.csproj", "{EB826E5A-3BC8-4056-BCDB-DC99C5616EE5}"
EndProject
Project("{9A19103F-16F7-4668-BE54-9A1E7A4F7556}") = "Prise.IntegrationTests", "src\Tests\Prise.IntegrationTests\Prise.IntegrationTests.csproj", "{3CC0EC0B-4EF6-490A-91AB-5D84698F8A8B}"
EndProject
Project("{9A19103F-16F7-4668-BE54-9A1E7A4F7556}") = "Prise.IntegrationTestsHost", "src\Tests\Prise.IntegrationTestsHost\Prise.IntegrationTestsHost.csproj", "{2DCEE92D-50BD-409C-ABA7-5458B76B16E4}"
EndProject
Project("{9A19103F-16F7-4668-BE54-9A1E7A4F7556}") = "Prise.IntegrationTestsContract", "src\Tests\Prise.IntegrationTestsContract\Prise.IntegrationTestsContract.csproj", "{25C68475-4A09-4489-82A5-B03E0EAC0529}"
EndProject
Project("{2150E333-8FDC-42A3-9474-1A3956D46DE8}") = "IntegrationTestsPlugins", "IntegrationTestsPlugins", "{944A5DB3-F36B-4663-9516-B0C9834E08C4}"
EndProject
Project("{9A19103F-16F7-4668-BE54-9A1E7A4F7556}") = "DomainForPluginC", "src\Tests\IntegrationTestsPlugins\DomainForPluginC\DomainForPluginC.csproj", "{895B4DDE-C29F-4285-9781-8920173BE119}"
EndProject
Project("{9A19103F-16F7-4668-BE54-9A1E7A4F7556}") = "PluginA", "src\Tests\IntegrationTestsPlugins\PluginA\PluginA.csproj", "{094FEAFC-2292-44BD-97B8-0E1851DDB765}"
EndProject
Project("{9A19103F-16F7-4668-BE54-9A1E7A4F7556}") = "PluginB", "src\Tests\IntegrationTestsPlugins\PluginB\PluginB.csproj", "{F2FCBBD9-190C-45BE-9CAA-9524DF4008DE}"
EndProject
Project("{9A19103F-16F7-4668-BE54-9A1E7A4F7556}") = "PluginC", "src\Tests\IntegrationTestsPlugins\PluginC\PluginC.csproj", "{892FB591-52A6-4389-ABDE-1ADF2BCEC906}"
EndProject
Project("{9A19103F-16F7-4668-BE54-9A1E7A4F7556}") = "PluginCFromNetwork", "src\Tests\IntegrationTestsPlugins\PluginCFromNetwork\PluginCFromNetwork.csproj", "{6B57944B-7FBD-4ED8-9A4C-755BD5E96379}"
EndProject
Project("{9A19103F-16F7-4668-BE54-9A1E7A4F7556}") = "Prise.Proxy", "src\Prise.Proxy\Prise.Proxy.csproj", "{33849B5D-B3AB-4A65-B370-80366E08DBC5}"
EndProject
Project("{9A19103F-16F7-4668-BE54-9A1E7A4F7556}") = "Prise.PluginBridge", "src\Prise.PluginBridge\Prise.PluginBridge.csproj", "{2329497F-1A66-429C-8DF2-E30FCB993697}"
EndProject
Project("{9A19103F-16F7-4668-BE54-9A1E7A4F7556}") = "ExternalServiceForPluginD", "src\Tests\IntegrationTestsPlugins\ExternalServiceForPluginD\ExternalServiceForPluginD.csproj", "{A1A42827-B46C-48EB-AC1E-422F16820E02}"
EndProject
Project("{9A19103F-16F7-4668-BE54-9A1E7A4F7556}") = "PluginD", "src\Tests\IntegrationTestsPlugins\PluginD\PluginD.csproj", "{04DC8B8A-0063-4A04-8992-DD118CEBE45B}"
EndProject
Project("{9A19103F-16F7-4668-BE54-9A1E7A4F7556}") = "Dictionary.Domain", "src\Tests\IntegrationTestsPlugins\Dictionary.Domain\Dictionary.Domain.csproj", "{2E3D2516-F840-431C-BCC0-58A5E875EEA1}"
EndProject
Project("{9A19103F-16F7-4668-BE54-9A1E7A4F7556}") = "PluginE", "src\Tests\IntegrationTestsPlugins\PluginE\PluginE.csproj", "{1D47C28A-DB43-4745-8459-DBA0EA0C7B4F}"
EndProject
Project("{9A19103F-16F7-4668-BE54-9A1E7A4F7556}") = "PluginF", "src\Tests\IntegrationTestsPlugins\PluginF\PluginF.csproj", "{6DCAF6A3-A457-47B2-BF8F-F3D29549FBD1}"
EndProject
Project("{9A19103F-16F7-4668-BE54-9A1E7A4F7556}") = "XmlSerializerLib", "src\Tests\IntegrationTestsPlugins\XmlSerializerLib\XmlSerializerLib.csproj", "{E0ADDFE4-DBC5-4EEB-85F4-4AF45CC8E5D9}"
EndProject
Project("{9A19103F-16F7-4668-BE54-9A1E7A4F7556}") = "LegacyPlugin1.4", "src\Tests\IntegrationTestsPlugins\LegacyPlugin1.4\LegacyPlugin1.4.csproj", "{01C9DEDF-A341-49DA-8CC7-00AE5DBBCC9E}"
EndProject
Project("{9A19103F-16F7-4668-BE54-9A1E7A4F7556}") = "Legacy.Domain", "src\Tests\IntegrationTestsPlugins\Legacy.Domain\Legacy.Domain.csproj", "{81F07068-7BF6-4DEE-9949-E048CFD59F53}"
EndProject
Project("{9A19103F-16F7-4668-BE54-9A1E7A4F7556}") = "Legacy.Contract", "src\Tests\IntegrationTestsPlugins\Legacy.Contract\Legacy.Contract.csproj", "{124FE1D2-61A9-4C0B-987D-B47A7B86706B}"
EndProject
Project("{9A19103F-16F7-4668-BE54-9A1E7A4F7556}") = "LegacyPlugin1.5", "src\Tests\IntegrationTestsPlugins\LegacyPlugin1.5\LegacyPlugin1.5.csproj", "{E66FD291-169F-4278-B734-AA32D934C081}"
EndProject
Global
	GlobalSection(SolutionConfigurationPlatforms) = preSolution
		Debug|Any CPU = Debug|Any CPU
		Debug|x64 = Debug|x64
		Debug|x86 = Debug|x86
		Release|Any CPU = Release|Any CPU
		Release|x64 = Release|x64
		Release|x86 = Release|x86
	EndGlobalSection
	GlobalSection(ProjectConfigurationPlatforms) = postSolution
		{38C0A189-8714-491E-8CBA-BF6EAF19B1FA}.Debug|Any CPU.ActiveCfg = Debug|Any CPU
		{38C0A189-8714-491E-8CBA-BF6EAF19B1FA}.Debug|Any CPU.Build.0 = Debug|Any CPU
		{38C0A189-8714-491E-8CBA-BF6EAF19B1FA}.Debug|x64.ActiveCfg = Debug|Any CPU
		{38C0A189-8714-491E-8CBA-BF6EAF19B1FA}.Debug|x64.Build.0 = Debug|Any CPU
		{38C0A189-8714-491E-8CBA-BF6EAF19B1FA}.Debug|x86.ActiveCfg = Debug|Any CPU
		{38C0A189-8714-491E-8CBA-BF6EAF19B1FA}.Debug|x86.Build.0 = Debug|Any CPU
		{38C0A189-8714-491E-8CBA-BF6EAF19B1FA}.Release|Any CPU.ActiveCfg = Release|Any CPU
		{38C0A189-8714-491E-8CBA-BF6EAF19B1FA}.Release|Any CPU.Build.0 = Release|Any CPU
		{38C0A189-8714-491E-8CBA-BF6EAF19B1FA}.Release|x64.ActiveCfg = Release|Any CPU
		{38C0A189-8714-491E-8CBA-BF6EAF19B1FA}.Release|x64.Build.0 = Release|Any CPU
		{38C0A189-8714-491E-8CBA-BF6EAF19B1FA}.Release|x86.ActiveCfg = Release|Any CPU
		{38C0A189-8714-491E-8CBA-BF6EAF19B1FA}.Release|x86.Build.0 = Release|Any CPU
		{386FDCE1-5118-457E-BA33-6DE6302DFAC2}.Debug|Any CPU.ActiveCfg = Debug|Any CPU
		{386FDCE1-5118-457E-BA33-6DE6302DFAC2}.Debug|Any CPU.Build.0 = Debug|Any CPU
		{386FDCE1-5118-457E-BA33-6DE6302DFAC2}.Debug|x64.ActiveCfg = Debug|Any CPU
		{386FDCE1-5118-457E-BA33-6DE6302DFAC2}.Debug|x64.Build.0 = Debug|Any CPU
		{386FDCE1-5118-457E-BA33-6DE6302DFAC2}.Debug|x86.ActiveCfg = Debug|Any CPU
		{386FDCE1-5118-457E-BA33-6DE6302DFAC2}.Debug|x86.Build.0 = Debug|Any CPU
		{386FDCE1-5118-457E-BA33-6DE6302DFAC2}.Release|Any CPU.ActiveCfg = Release|Any CPU
		{386FDCE1-5118-457E-BA33-6DE6302DFAC2}.Release|Any CPU.Build.0 = Release|Any CPU
		{386FDCE1-5118-457E-BA33-6DE6302DFAC2}.Release|x64.ActiveCfg = Release|Any CPU
		{386FDCE1-5118-457E-BA33-6DE6302DFAC2}.Release|x64.Build.0 = Release|Any CPU
		{386FDCE1-5118-457E-BA33-6DE6302DFAC2}.Release|x86.ActiveCfg = Release|Any CPU
		{386FDCE1-5118-457E-BA33-6DE6302DFAC2}.Release|x86.Build.0 = Release|Any CPU
		{2B77711C-CD34-43F3-97D5-D87F5F3AEDC9}.Debug|Any CPU.ActiveCfg = Debug|Any CPU
		{2B77711C-CD34-43F3-97D5-D87F5F3AEDC9}.Debug|Any CPU.Build.0 = Debug|Any CPU
		{2B77711C-CD34-43F3-97D5-D87F5F3AEDC9}.Debug|x64.ActiveCfg = Debug|Any CPU
		{2B77711C-CD34-43F3-97D5-D87F5F3AEDC9}.Debug|x64.Build.0 = Debug|Any CPU
		{2B77711C-CD34-43F3-97D5-D87F5F3AEDC9}.Debug|x86.ActiveCfg = Debug|Any CPU
		{2B77711C-CD34-43F3-97D5-D87F5F3AEDC9}.Debug|x86.Build.0 = Debug|Any CPU
		{2B77711C-CD34-43F3-97D5-D87F5F3AEDC9}.Release|Any CPU.ActiveCfg = Release|Any CPU
		{2B77711C-CD34-43F3-97D5-D87F5F3AEDC9}.Release|Any CPU.Build.0 = Release|Any CPU
		{2B77711C-CD34-43F3-97D5-D87F5F3AEDC9}.Release|x64.ActiveCfg = Release|Any CPU
		{2B77711C-CD34-43F3-97D5-D87F5F3AEDC9}.Release|x64.Build.0 = Release|Any CPU
		{2B77711C-CD34-43F3-97D5-D87F5F3AEDC9}.Release|x86.ActiveCfg = Release|Any CPU
		{2B77711C-CD34-43F3-97D5-D87F5F3AEDC9}.Release|x86.Build.0 = Release|Any CPU
		{67A0C49A-6869-499A-A51C-22B74B475B36}.Debug|Any CPU.ActiveCfg = Debug|Any CPU
		{67A0C49A-6869-499A-A51C-22B74B475B36}.Debug|Any CPU.Build.0 = Debug|Any CPU
		{67A0C49A-6869-499A-A51C-22B74B475B36}.Debug|x64.ActiveCfg = Debug|Any CPU
		{67A0C49A-6869-499A-A51C-22B74B475B36}.Debug|x64.Build.0 = Debug|Any CPU
		{67A0C49A-6869-499A-A51C-22B74B475B36}.Debug|x86.ActiveCfg = Debug|Any CPU
		{67A0C49A-6869-499A-A51C-22B74B475B36}.Debug|x86.Build.0 = Debug|Any CPU
		{67A0C49A-6869-499A-A51C-22B74B475B36}.Release|Any CPU.ActiveCfg = Release|Any CPU
		{67A0C49A-6869-499A-A51C-22B74B475B36}.Release|Any CPU.Build.0 = Release|Any CPU
		{67A0C49A-6869-499A-A51C-22B74B475B36}.Release|x64.ActiveCfg = Release|Any CPU
		{67A0C49A-6869-499A-A51C-22B74B475B36}.Release|x64.Build.0 = Release|Any CPU
		{67A0C49A-6869-499A-A51C-22B74B475B36}.Release|x86.ActiveCfg = Release|Any CPU
		{67A0C49A-6869-499A-A51C-22B74B475B36}.Release|x86.Build.0 = Release|Any CPU
		{2C686427-202A-4E50-8CC1-AE7BC3A867E0}.Debug|Any CPU.ActiveCfg = Debug|Any CPU
		{2C686427-202A-4E50-8CC1-AE7BC3A867E0}.Debug|Any CPU.Build.0 = Debug|Any CPU
		{2C686427-202A-4E50-8CC1-AE7BC3A867E0}.Debug|x64.ActiveCfg = Debug|Any CPU
		{2C686427-202A-4E50-8CC1-AE7BC3A867E0}.Debug|x64.Build.0 = Debug|Any CPU
		{2C686427-202A-4E50-8CC1-AE7BC3A867E0}.Debug|x86.ActiveCfg = Debug|Any CPU
		{2C686427-202A-4E50-8CC1-AE7BC3A867E0}.Debug|x86.Build.0 = Debug|Any CPU
		{2C686427-202A-4E50-8CC1-AE7BC3A867E0}.Release|Any CPU.ActiveCfg = Release|Any CPU
		{2C686427-202A-4E50-8CC1-AE7BC3A867E0}.Release|Any CPU.Build.0 = Release|Any CPU
		{2C686427-202A-4E50-8CC1-AE7BC3A867E0}.Release|x64.ActiveCfg = Release|Any CPU
		{2C686427-202A-4E50-8CC1-AE7BC3A867E0}.Release|x64.Build.0 = Release|Any CPU
		{2C686427-202A-4E50-8CC1-AE7BC3A867E0}.Release|x86.ActiveCfg = Release|Any CPU
		{2C686427-202A-4E50-8CC1-AE7BC3A867E0}.Release|x86.Build.0 = Release|Any CPU
		{EB826E5A-3BC8-4056-BCDB-DC99C5616EE5}.Debug|Any CPU.ActiveCfg = Debug|Any CPU
		{EB826E5A-3BC8-4056-BCDB-DC99C5616EE5}.Debug|Any CPU.Build.0 = Debug|Any CPU
		{EB826E5A-3BC8-4056-BCDB-DC99C5616EE5}.Debug|x64.ActiveCfg = Debug|Any CPU
		{EB826E5A-3BC8-4056-BCDB-DC99C5616EE5}.Debug|x64.Build.0 = Debug|Any CPU
		{EB826E5A-3BC8-4056-BCDB-DC99C5616EE5}.Debug|x86.ActiveCfg = Debug|Any CPU
		{EB826E5A-3BC8-4056-BCDB-DC99C5616EE5}.Debug|x86.Build.0 = Debug|Any CPU
		{EB826E5A-3BC8-4056-BCDB-DC99C5616EE5}.Release|Any CPU.ActiveCfg = Release|Any CPU
		{EB826E5A-3BC8-4056-BCDB-DC99C5616EE5}.Release|Any CPU.Build.0 = Release|Any CPU
		{EB826E5A-3BC8-4056-BCDB-DC99C5616EE5}.Release|x64.ActiveCfg = Release|Any CPU
		{EB826E5A-3BC8-4056-BCDB-DC99C5616EE5}.Release|x64.Build.0 = Release|Any CPU
		{EB826E5A-3BC8-4056-BCDB-DC99C5616EE5}.Release|x86.ActiveCfg = Release|Any CPU
		{EB826E5A-3BC8-4056-BCDB-DC99C5616EE5}.Release|x86.Build.0 = Release|Any CPU
		{3CC0EC0B-4EF6-490A-91AB-5D84698F8A8B}.Debug|Any CPU.ActiveCfg = Debug|Any CPU
		{3CC0EC0B-4EF6-490A-91AB-5D84698F8A8B}.Debug|Any CPU.Build.0 = Debug|Any CPU
		{3CC0EC0B-4EF6-490A-91AB-5D84698F8A8B}.Debug|x64.ActiveCfg = Debug|Any CPU
		{3CC0EC0B-4EF6-490A-91AB-5D84698F8A8B}.Debug|x64.Build.0 = Debug|Any CPU
		{3CC0EC0B-4EF6-490A-91AB-5D84698F8A8B}.Debug|x86.ActiveCfg = Debug|Any CPU
		{3CC0EC0B-4EF6-490A-91AB-5D84698F8A8B}.Debug|x86.Build.0 = Debug|Any CPU
		{3CC0EC0B-4EF6-490A-91AB-5D84698F8A8B}.Release|Any CPU.ActiveCfg = Release|Any CPU
		{3CC0EC0B-4EF6-490A-91AB-5D84698F8A8B}.Release|Any CPU.Build.0 = Release|Any CPU
		{3CC0EC0B-4EF6-490A-91AB-5D84698F8A8B}.Release|x64.ActiveCfg = Release|Any CPU
		{3CC0EC0B-4EF6-490A-91AB-5D84698F8A8B}.Release|x64.Build.0 = Release|Any CPU
		{3CC0EC0B-4EF6-490A-91AB-5D84698F8A8B}.Release|x86.ActiveCfg = Release|Any CPU
		{3CC0EC0B-4EF6-490A-91AB-5D84698F8A8B}.Release|x86.Build.0 = Release|Any CPU
		{2DCEE92D-50BD-409C-ABA7-5458B76B16E4}.Debug|Any CPU.ActiveCfg = Debug|Any CPU
		{2DCEE92D-50BD-409C-ABA7-5458B76B16E4}.Debug|Any CPU.Build.0 = Debug|Any CPU
		{2DCEE92D-50BD-409C-ABA7-5458B76B16E4}.Debug|x64.ActiveCfg = Debug|Any CPU
		{2DCEE92D-50BD-409C-ABA7-5458B76B16E4}.Debug|x64.Build.0 = Debug|Any CPU
		{2DCEE92D-50BD-409C-ABA7-5458B76B16E4}.Debug|x86.ActiveCfg = Debug|Any CPU
		{2DCEE92D-50BD-409C-ABA7-5458B76B16E4}.Debug|x86.Build.0 = Debug|Any CPU
		{2DCEE92D-50BD-409C-ABA7-5458B76B16E4}.Release|Any CPU.ActiveCfg = Release|Any CPU
		{2DCEE92D-50BD-409C-ABA7-5458B76B16E4}.Release|Any CPU.Build.0 = Release|Any CPU
		{2DCEE92D-50BD-409C-ABA7-5458B76B16E4}.Release|x64.ActiveCfg = Release|Any CPU
		{2DCEE92D-50BD-409C-ABA7-5458B76B16E4}.Release|x64.Build.0 = Release|Any CPU
		{2DCEE92D-50BD-409C-ABA7-5458B76B16E4}.Release|x86.ActiveCfg = Release|Any CPU
		{2DCEE92D-50BD-409C-ABA7-5458B76B16E4}.Release|x86.Build.0 = Release|Any CPU
		{25C68475-4A09-4489-82A5-B03E0EAC0529}.Debug|Any CPU.ActiveCfg = Debug|Any CPU
		{25C68475-4A09-4489-82A5-B03E0EAC0529}.Debug|Any CPU.Build.0 = Debug|Any CPU
		{25C68475-4A09-4489-82A5-B03E0EAC0529}.Debug|x64.ActiveCfg = Debug|Any CPU
		{25C68475-4A09-4489-82A5-B03E0EAC0529}.Debug|x64.Build.0 = Debug|Any CPU
		{25C68475-4A09-4489-82A5-B03E0EAC0529}.Debug|x86.ActiveCfg = Debug|Any CPU
		{25C68475-4A09-4489-82A5-B03E0EAC0529}.Debug|x86.Build.0 = Debug|Any CPU
		{25C68475-4A09-4489-82A5-B03E0EAC0529}.Release|Any CPU.ActiveCfg = Release|Any CPU
		{25C68475-4A09-4489-82A5-B03E0EAC0529}.Release|Any CPU.Build.0 = Release|Any CPU
		{25C68475-4A09-4489-82A5-B03E0EAC0529}.Release|x64.ActiveCfg = Release|Any CPU
		{25C68475-4A09-4489-82A5-B03E0EAC0529}.Release|x64.Build.0 = Release|Any CPU
		{25C68475-4A09-4489-82A5-B03E0EAC0529}.Release|x86.ActiveCfg = Release|Any CPU
		{25C68475-4A09-4489-82A5-B03E0EAC0529}.Release|x86.Build.0 = Release|Any CPU
		{895B4DDE-C29F-4285-9781-8920173BE119}.Debug|Any CPU.ActiveCfg = Debug|Any CPU
		{895B4DDE-C29F-4285-9781-8920173BE119}.Debug|Any CPU.Build.0 = Debug|Any CPU
		{895B4DDE-C29F-4285-9781-8920173BE119}.Debug|x64.ActiveCfg = Debug|Any CPU
		{895B4DDE-C29F-4285-9781-8920173BE119}.Debug|x64.Build.0 = Debug|Any CPU
		{895B4DDE-C29F-4285-9781-8920173BE119}.Debug|x86.ActiveCfg = Debug|Any CPU
		{895B4DDE-C29F-4285-9781-8920173BE119}.Debug|x86.Build.0 = Debug|Any CPU
		{895B4DDE-C29F-4285-9781-8920173BE119}.Release|Any CPU.ActiveCfg = Release|Any CPU
		{895B4DDE-C29F-4285-9781-8920173BE119}.Release|Any CPU.Build.0 = Release|Any CPU
		{895B4DDE-C29F-4285-9781-8920173BE119}.Release|x64.ActiveCfg = Release|Any CPU
		{895B4DDE-C29F-4285-9781-8920173BE119}.Release|x64.Build.0 = Release|Any CPU
		{895B4DDE-C29F-4285-9781-8920173BE119}.Release|x86.ActiveCfg = Release|Any CPU
		{895B4DDE-C29F-4285-9781-8920173BE119}.Release|x86.Build.0 = Release|Any CPU
		{094FEAFC-2292-44BD-97B8-0E1851DDB765}.Debug|Any CPU.ActiveCfg = Debug|Any CPU
		{094FEAFC-2292-44BD-97B8-0E1851DDB765}.Debug|Any CPU.Build.0 = Debug|Any CPU
		{094FEAFC-2292-44BD-97B8-0E1851DDB765}.Debug|x64.ActiveCfg = Debug|Any CPU
		{094FEAFC-2292-44BD-97B8-0E1851DDB765}.Debug|x64.Build.0 = Debug|Any CPU
		{094FEAFC-2292-44BD-97B8-0E1851DDB765}.Debug|x86.ActiveCfg = Debug|Any CPU
		{094FEAFC-2292-44BD-97B8-0E1851DDB765}.Debug|x86.Build.0 = Debug|Any CPU
		{094FEAFC-2292-44BD-97B8-0E1851DDB765}.Release|Any CPU.ActiveCfg = Release|Any CPU
		{094FEAFC-2292-44BD-97B8-0E1851DDB765}.Release|Any CPU.Build.0 = Release|Any CPU
		{094FEAFC-2292-44BD-97B8-0E1851DDB765}.Release|x64.ActiveCfg = Release|Any CPU
		{094FEAFC-2292-44BD-97B8-0E1851DDB765}.Release|x64.Build.0 = Release|Any CPU
		{094FEAFC-2292-44BD-97B8-0E1851DDB765}.Release|x86.ActiveCfg = Release|Any CPU
		{094FEAFC-2292-44BD-97B8-0E1851DDB765}.Release|x86.Build.0 = Release|Any CPU
		{F2FCBBD9-190C-45BE-9CAA-9524DF4008DE}.Debug|Any CPU.ActiveCfg = Debug|Any CPU
		{F2FCBBD9-190C-45BE-9CAA-9524DF4008DE}.Debug|Any CPU.Build.0 = Debug|Any CPU
		{F2FCBBD9-190C-45BE-9CAA-9524DF4008DE}.Debug|x64.ActiveCfg = Debug|Any CPU
		{F2FCBBD9-190C-45BE-9CAA-9524DF4008DE}.Debug|x64.Build.0 = Debug|Any CPU
		{F2FCBBD9-190C-45BE-9CAA-9524DF4008DE}.Debug|x86.ActiveCfg = Debug|Any CPU
		{F2FCBBD9-190C-45BE-9CAA-9524DF4008DE}.Debug|x86.Build.0 = Debug|Any CPU
		{F2FCBBD9-190C-45BE-9CAA-9524DF4008DE}.Release|Any CPU.ActiveCfg = Release|Any CPU
		{F2FCBBD9-190C-45BE-9CAA-9524DF4008DE}.Release|Any CPU.Build.0 = Release|Any CPU
		{F2FCBBD9-190C-45BE-9CAA-9524DF4008DE}.Release|x64.ActiveCfg = Release|Any CPU
		{F2FCBBD9-190C-45BE-9CAA-9524DF4008DE}.Release|x64.Build.0 = Release|Any CPU
		{F2FCBBD9-190C-45BE-9CAA-9524DF4008DE}.Release|x86.ActiveCfg = Release|Any CPU
		{F2FCBBD9-190C-45BE-9CAA-9524DF4008DE}.Release|x86.Build.0 = Release|Any CPU
		{892FB591-52A6-4389-ABDE-1ADF2BCEC906}.Debug|Any CPU.ActiveCfg = Debug|Any CPU
		{892FB591-52A6-4389-ABDE-1ADF2BCEC906}.Debug|Any CPU.Build.0 = Debug|Any CPU
		{892FB591-52A6-4389-ABDE-1ADF2BCEC906}.Debug|x64.ActiveCfg = Debug|Any CPU
		{892FB591-52A6-4389-ABDE-1ADF2BCEC906}.Debug|x64.Build.0 = Debug|Any CPU
		{892FB591-52A6-4389-ABDE-1ADF2BCEC906}.Debug|x86.ActiveCfg = Debug|Any CPU
		{892FB591-52A6-4389-ABDE-1ADF2BCEC906}.Debug|x86.Build.0 = Debug|Any CPU
		{892FB591-52A6-4389-ABDE-1ADF2BCEC906}.Release|Any CPU.ActiveCfg = Release|Any CPU
		{892FB591-52A6-4389-ABDE-1ADF2BCEC906}.Release|Any CPU.Build.0 = Release|Any CPU
		{892FB591-52A6-4389-ABDE-1ADF2BCEC906}.Release|x64.ActiveCfg = Release|Any CPU
		{892FB591-52A6-4389-ABDE-1ADF2BCEC906}.Release|x64.Build.0 = Release|Any CPU
		{892FB591-52A6-4389-ABDE-1ADF2BCEC906}.Release|x86.ActiveCfg = Release|Any CPU
		{892FB591-52A6-4389-ABDE-1ADF2BCEC906}.Release|x86.Build.0 = Release|Any CPU
		{6B57944B-7FBD-4ED8-9A4C-755BD5E96379}.Debug|Any CPU.ActiveCfg = Debug|Any CPU
		{6B57944B-7FBD-4ED8-9A4C-755BD5E96379}.Debug|Any CPU.Build.0 = Debug|Any CPU
		{6B57944B-7FBD-4ED8-9A4C-755BD5E96379}.Debug|x64.ActiveCfg = Debug|Any CPU
		{6B57944B-7FBD-4ED8-9A4C-755BD5E96379}.Debug|x64.Build.0 = Debug|Any CPU
		{6B57944B-7FBD-4ED8-9A4C-755BD5E96379}.Debug|x86.ActiveCfg = Debug|Any CPU
		{6B57944B-7FBD-4ED8-9A4C-755BD5E96379}.Debug|x86.Build.0 = Debug|Any CPU
		{6B57944B-7FBD-4ED8-9A4C-755BD5E96379}.Release|Any CPU.ActiveCfg = Release|Any CPU
		{6B57944B-7FBD-4ED8-9A4C-755BD5E96379}.Release|Any CPU.Build.0 = Release|Any CPU
		{6B57944B-7FBD-4ED8-9A4C-755BD5E96379}.Release|x64.ActiveCfg = Release|Any CPU
		{6B57944B-7FBD-4ED8-9A4C-755BD5E96379}.Release|x64.Build.0 = Release|Any CPU
		{6B57944B-7FBD-4ED8-9A4C-755BD5E96379}.Release|x86.ActiveCfg = Release|Any CPU
		{6B57944B-7FBD-4ED8-9A4C-755BD5E96379}.Release|x86.Build.0 = Release|Any CPU
		{33849B5D-B3AB-4A65-B370-80366E08DBC5}.Debug|Any CPU.ActiveCfg = Debug|Any CPU
		{33849B5D-B3AB-4A65-B370-80366E08DBC5}.Debug|Any CPU.Build.0 = Debug|Any CPU
		{33849B5D-B3AB-4A65-B370-80366E08DBC5}.Debug|x64.ActiveCfg = Debug|Any CPU
		{33849B5D-B3AB-4A65-B370-80366E08DBC5}.Debug|x64.Build.0 = Debug|Any CPU
		{33849B5D-B3AB-4A65-B370-80366E08DBC5}.Debug|x86.ActiveCfg = Debug|Any CPU
		{33849B5D-B3AB-4A65-B370-80366E08DBC5}.Debug|x86.Build.0 = Debug|Any CPU
		{33849B5D-B3AB-4A65-B370-80366E08DBC5}.Release|Any CPU.ActiveCfg = Release|Any CPU
		{33849B5D-B3AB-4A65-B370-80366E08DBC5}.Release|Any CPU.Build.0 = Release|Any CPU
		{33849B5D-B3AB-4A65-B370-80366E08DBC5}.Release|x64.ActiveCfg = Release|Any CPU
		{33849B5D-B3AB-4A65-B370-80366E08DBC5}.Release|x64.Build.0 = Release|Any CPU
		{33849B5D-B3AB-4A65-B370-80366E08DBC5}.Release|x86.ActiveCfg = Release|Any CPU
		{33849B5D-B3AB-4A65-B370-80366E08DBC5}.Release|x86.Build.0 = Release|Any CPU
		{2329497F-1A66-429C-8DF2-E30FCB993697}.Debug|Any CPU.ActiveCfg = Debug|Any CPU
		{2329497F-1A66-429C-8DF2-E30FCB993697}.Debug|Any CPU.Build.0 = Debug|Any CPU
		{2329497F-1A66-429C-8DF2-E30FCB993697}.Debug|x64.ActiveCfg = Debug|Any CPU
		{2329497F-1A66-429C-8DF2-E30FCB993697}.Debug|x64.Build.0 = Debug|Any CPU
		{2329497F-1A66-429C-8DF2-E30FCB993697}.Debug|x86.ActiveCfg = Debug|Any CPU
		{2329497F-1A66-429C-8DF2-E30FCB993697}.Debug|x86.Build.0 = Debug|Any CPU
		{2329497F-1A66-429C-8DF2-E30FCB993697}.Release|Any CPU.ActiveCfg = Release|Any CPU
		{2329497F-1A66-429C-8DF2-E30FCB993697}.Release|Any CPU.Build.0 = Release|Any CPU
		{2329497F-1A66-429C-8DF2-E30FCB993697}.Release|x64.ActiveCfg = Release|Any CPU
		{2329497F-1A66-429C-8DF2-E30FCB993697}.Release|x64.Build.0 = Release|Any CPU
		{2329497F-1A66-429C-8DF2-E30FCB993697}.Release|x86.ActiveCfg = Release|Any CPU
		{2329497F-1A66-429C-8DF2-E30FCB993697}.Release|x86.Build.0 = Release|Any CPU
		{A1A42827-B46C-48EB-AC1E-422F16820E02}.Debug|Any CPU.ActiveCfg = Debug|Any CPU
		{A1A42827-B46C-48EB-AC1E-422F16820E02}.Debug|Any CPU.Build.0 = Debug|Any CPU
		{A1A42827-B46C-48EB-AC1E-422F16820E02}.Debug|x64.ActiveCfg = Debug|Any CPU
		{A1A42827-B46C-48EB-AC1E-422F16820E02}.Debug|x64.Build.0 = Debug|Any CPU
		{A1A42827-B46C-48EB-AC1E-422F16820E02}.Debug|x86.ActiveCfg = Debug|Any CPU
		{A1A42827-B46C-48EB-AC1E-422F16820E02}.Debug|x86.Build.0 = Debug|Any CPU
		{A1A42827-B46C-48EB-AC1E-422F16820E02}.Release|Any CPU.ActiveCfg = Release|Any CPU
		{A1A42827-B46C-48EB-AC1E-422F16820E02}.Release|Any CPU.Build.0 = Release|Any CPU
		{A1A42827-B46C-48EB-AC1E-422F16820E02}.Release|x64.ActiveCfg = Release|Any CPU
		{A1A42827-B46C-48EB-AC1E-422F16820E02}.Release|x64.Build.0 = Release|Any CPU
		{A1A42827-B46C-48EB-AC1E-422F16820E02}.Release|x86.ActiveCfg = Release|Any CPU
		{A1A42827-B46C-48EB-AC1E-422F16820E02}.Release|x86.Build.0 = Release|Any CPU
		{04DC8B8A-0063-4A04-8992-DD118CEBE45B}.Debug|Any CPU.ActiveCfg = Debug|Any CPU
		{04DC8B8A-0063-4A04-8992-DD118CEBE45B}.Debug|Any CPU.Build.0 = Debug|Any CPU
		{04DC8B8A-0063-4A04-8992-DD118CEBE45B}.Debug|x64.ActiveCfg = Debug|Any CPU
		{04DC8B8A-0063-4A04-8992-DD118CEBE45B}.Debug|x64.Build.0 = Debug|Any CPU
		{04DC8B8A-0063-4A04-8992-DD118CEBE45B}.Debug|x86.ActiveCfg = Debug|Any CPU
		{04DC8B8A-0063-4A04-8992-DD118CEBE45B}.Debug|x86.Build.0 = Debug|Any CPU
		{04DC8B8A-0063-4A04-8992-DD118CEBE45B}.Release|Any CPU.ActiveCfg = Release|Any CPU
		{04DC8B8A-0063-4A04-8992-DD118CEBE45B}.Release|Any CPU.Build.0 = Release|Any CPU
		{04DC8B8A-0063-4A04-8992-DD118CEBE45B}.Release|x64.ActiveCfg = Release|Any CPU
		{04DC8B8A-0063-4A04-8992-DD118CEBE45B}.Release|x64.Build.0 = Release|Any CPU
		{04DC8B8A-0063-4A04-8992-DD118CEBE45B}.Release|x86.ActiveCfg = Release|Any CPU
		{04DC8B8A-0063-4A04-8992-DD118CEBE45B}.Release|x86.Build.0 = Release|Any CPU
		{2E3D2516-F840-431C-BCC0-58A5E875EEA1}.Debug|Any CPU.ActiveCfg = Debug|Any CPU
		{2E3D2516-F840-431C-BCC0-58A5E875EEA1}.Debug|Any CPU.Build.0 = Debug|Any CPU
		{2E3D2516-F840-431C-BCC0-58A5E875EEA1}.Debug|x64.ActiveCfg = Debug|Any CPU
		{2E3D2516-F840-431C-BCC0-58A5E875EEA1}.Debug|x64.Build.0 = Debug|Any CPU
		{2E3D2516-F840-431C-BCC0-58A5E875EEA1}.Debug|x86.ActiveCfg = Debug|Any CPU
		{2E3D2516-F840-431C-BCC0-58A5E875EEA1}.Debug|x86.Build.0 = Debug|Any CPU
		{2E3D2516-F840-431C-BCC0-58A5E875EEA1}.Release|Any CPU.ActiveCfg = Release|Any CPU
		{2E3D2516-F840-431C-BCC0-58A5E875EEA1}.Release|Any CPU.Build.0 = Release|Any CPU
		{2E3D2516-F840-431C-BCC0-58A5E875EEA1}.Release|x64.ActiveCfg = Release|Any CPU
		{2E3D2516-F840-431C-BCC0-58A5E875EEA1}.Release|x64.Build.0 = Release|Any CPU
		{2E3D2516-F840-431C-BCC0-58A5E875EEA1}.Release|x86.ActiveCfg = Release|Any CPU
		{2E3D2516-F840-431C-BCC0-58A5E875EEA1}.Release|x86.Build.0 = Release|Any CPU
		{1D47C28A-DB43-4745-8459-DBA0EA0C7B4F}.Debug|Any CPU.ActiveCfg = Debug|Any CPU
		{1D47C28A-DB43-4745-8459-DBA0EA0C7B4F}.Debug|Any CPU.Build.0 = Debug|Any CPU
		{1D47C28A-DB43-4745-8459-DBA0EA0C7B4F}.Debug|x64.ActiveCfg = Debug|Any CPU
		{1D47C28A-DB43-4745-8459-DBA0EA0C7B4F}.Debug|x64.Build.0 = Debug|Any CPU
		{1D47C28A-DB43-4745-8459-DBA0EA0C7B4F}.Debug|x86.ActiveCfg = Debug|Any CPU
		{1D47C28A-DB43-4745-8459-DBA0EA0C7B4F}.Debug|x86.Build.0 = Debug|Any CPU
		{1D47C28A-DB43-4745-8459-DBA0EA0C7B4F}.Release|Any CPU.ActiveCfg = Release|Any CPU
		{1D47C28A-DB43-4745-8459-DBA0EA0C7B4F}.Release|Any CPU.Build.0 = Release|Any CPU
		{1D47C28A-DB43-4745-8459-DBA0EA0C7B4F}.Release|x64.ActiveCfg = Release|Any CPU
		{1D47C28A-DB43-4745-8459-DBA0EA0C7B4F}.Release|x64.Build.0 = Release|Any CPU
		{1D47C28A-DB43-4745-8459-DBA0EA0C7B4F}.Release|x86.ActiveCfg = Release|Any CPU
		{1D47C28A-DB43-4745-8459-DBA0EA0C7B4F}.Release|x86.Build.0 = Release|Any CPU
		{6DCAF6A3-A457-47B2-BF8F-F3D29549FBD1}.Debug|Any CPU.ActiveCfg = Debug|Any CPU
		{6DCAF6A3-A457-47B2-BF8F-F3D29549FBD1}.Debug|Any CPU.Build.0 = Debug|Any CPU
		{6DCAF6A3-A457-47B2-BF8F-F3D29549FBD1}.Debug|x64.ActiveCfg = Debug|Any CPU
		{6DCAF6A3-A457-47B2-BF8F-F3D29549FBD1}.Debug|x64.Build.0 = Debug|Any CPU
		{6DCAF6A3-A457-47B2-BF8F-F3D29549FBD1}.Debug|x86.ActiveCfg = Debug|Any CPU
		{6DCAF6A3-A457-47B2-BF8F-F3D29549FBD1}.Debug|x86.Build.0 = Debug|Any CPU
		{6DCAF6A3-A457-47B2-BF8F-F3D29549FBD1}.Release|Any CPU.ActiveCfg = Release|Any CPU
		{6DCAF6A3-A457-47B2-BF8F-F3D29549FBD1}.Release|Any CPU.Build.0 = Release|Any CPU
		{6DCAF6A3-A457-47B2-BF8F-F3D29549FBD1}.Release|x64.ActiveCfg = Release|Any CPU
		{6DCAF6A3-A457-47B2-BF8F-F3D29549FBD1}.Release|x64.Build.0 = Release|Any CPU
		{6DCAF6A3-A457-47B2-BF8F-F3D29549FBD1}.Release|x86.ActiveCfg = Release|Any CPU
		{6DCAF6A3-A457-47B2-BF8F-F3D29549FBD1}.Release|x86.Build.0 = Release|Any CPU
		{E0ADDFE4-DBC5-4EEB-85F4-4AF45CC8E5D9}.Debug|Any CPU.ActiveCfg = Debug|Any CPU
		{E0ADDFE4-DBC5-4EEB-85F4-4AF45CC8E5D9}.Debug|Any CPU.Build.0 = Debug|Any CPU
		{E0ADDFE4-DBC5-4EEB-85F4-4AF45CC8E5D9}.Debug|x64.ActiveCfg = Debug|Any CPU
		{E0ADDFE4-DBC5-4EEB-85F4-4AF45CC8E5D9}.Debug|x64.Build.0 = Debug|Any CPU
		{E0ADDFE4-DBC5-4EEB-85F4-4AF45CC8E5D9}.Debug|x86.ActiveCfg = Debug|Any CPU
		{E0ADDFE4-DBC5-4EEB-85F4-4AF45CC8E5D9}.Debug|x86.Build.0 = Debug|Any CPU
		{E0ADDFE4-DBC5-4EEB-85F4-4AF45CC8E5D9}.Release|Any CPU.ActiveCfg = Release|Any CPU
		{E0ADDFE4-DBC5-4EEB-85F4-4AF45CC8E5D9}.Release|Any CPU.Build.0 = Release|Any CPU
		{E0ADDFE4-DBC5-4EEB-85F4-4AF45CC8E5D9}.Release|x64.ActiveCfg = Release|Any CPU
		{E0ADDFE4-DBC5-4EEB-85F4-4AF45CC8E5D9}.Release|x64.Build.0 = Release|Any CPU
		{E0ADDFE4-DBC5-4EEB-85F4-4AF45CC8E5D9}.Release|x86.ActiveCfg = Release|Any CPU
		{E0ADDFE4-DBC5-4EEB-85F4-4AF45CC8E5D9}.Release|x86.Build.0 = Release|Any CPU
		{01C9DEDF-A341-49DA-8CC7-00AE5DBBCC9E}.Debug|Any CPU.ActiveCfg = Debug|Any CPU
		{01C9DEDF-A341-49DA-8CC7-00AE5DBBCC9E}.Debug|Any CPU.Build.0 = Debug|Any CPU
		{01C9DEDF-A341-49DA-8CC7-00AE5DBBCC9E}.Debug|x64.ActiveCfg = Debug|Any CPU
		{01C9DEDF-A341-49DA-8CC7-00AE5DBBCC9E}.Debug|x64.Build.0 = Debug|Any CPU
		{01C9DEDF-A341-49DA-8CC7-00AE5DBBCC9E}.Debug|x86.ActiveCfg = Debug|Any CPU
		{01C9DEDF-A341-49DA-8CC7-00AE5DBBCC9E}.Debug|x86.Build.0 = Debug|Any CPU
		{01C9DEDF-A341-49DA-8CC7-00AE5DBBCC9E}.Release|Any CPU.ActiveCfg = Release|Any CPU
		{01C9DEDF-A341-49DA-8CC7-00AE5DBBCC9E}.Release|Any CPU.Build.0 = Release|Any CPU
		{01C9DEDF-A341-49DA-8CC7-00AE5DBBCC9E}.Release|x64.ActiveCfg = Release|Any CPU
		{01C9DEDF-A341-49DA-8CC7-00AE5DBBCC9E}.Release|x64.Build.0 = Release|Any CPU
		{01C9DEDF-A341-49DA-8CC7-00AE5DBBCC9E}.Release|x86.ActiveCfg = Release|Any CPU
		{01C9DEDF-A341-49DA-8CC7-00AE5DBBCC9E}.Release|x86.Build.0 = Release|Any CPU
		{81F07068-7BF6-4DEE-9949-E048CFD59F53}.Debug|Any CPU.ActiveCfg = Debug|Any CPU
		{81F07068-7BF6-4DEE-9949-E048CFD59F53}.Debug|Any CPU.Build.0 = Debug|Any CPU
		{81F07068-7BF6-4DEE-9949-E048CFD59F53}.Debug|x64.ActiveCfg = Debug|Any CPU
		{81F07068-7BF6-4DEE-9949-E048CFD59F53}.Debug|x64.Build.0 = Debug|Any CPU
		{81F07068-7BF6-4DEE-9949-E048CFD59F53}.Debug|x86.ActiveCfg = Debug|Any CPU
		{81F07068-7BF6-4DEE-9949-E048CFD59F53}.Debug|x86.Build.0 = Debug|Any CPU
		{81F07068-7BF6-4DEE-9949-E048CFD59F53}.Release|Any CPU.ActiveCfg = Release|Any CPU
		{81F07068-7BF6-4DEE-9949-E048CFD59F53}.Release|Any CPU.Build.0 = Release|Any CPU
		{81F07068-7BF6-4DEE-9949-E048CFD59F53}.Release|x64.ActiveCfg = Release|Any CPU
		{81F07068-7BF6-4DEE-9949-E048CFD59F53}.Release|x64.Build.0 = Release|Any CPU
		{81F07068-7BF6-4DEE-9949-E048CFD59F53}.Release|x86.ActiveCfg = Release|Any CPU
		{81F07068-7BF6-4DEE-9949-E048CFD59F53}.Release|x86.Build.0 = Release|Any CPU
		{124FE1D2-61A9-4C0B-987D-B47A7B86706B}.Debug|Any CPU.ActiveCfg = Debug|Any CPU
		{124FE1D2-61A9-4C0B-987D-B47A7B86706B}.Debug|Any CPU.Build.0 = Debug|Any CPU
		{124FE1D2-61A9-4C0B-987D-B47A7B86706B}.Debug|x64.ActiveCfg = Debug|Any CPU
		{124FE1D2-61A9-4C0B-987D-B47A7B86706B}.Debug|x64.Build.0 = Debug|Any CPU
		{124FE1D2-61A9-4C0B-987D-B47A7B86706B}.Debug|x86.ActiveCfg = Debug|Any CPU
		{124FE1D2-61A9-4C0B-987D-B47A7B86706B}.Debug|x86.Build.0 = Debug|Any CPU
		{124FE1D2-61A9-4C0B-987D-B47A7B86706B}.Release|Any CPU.ActiveCfg = Release|Any CPU
		{124FE1D2-61A9-4C0B-987D-B47A7B86706B}.Release|Any CPU.Build.0 = Release|Any CPU
		{124FE1D2-61A9-4C0B-987D-B47A7B86706B}.Release|x64.ActiveCfg = Release|Any CPU
		{124FE1D2-61A9-4C0B-987D-B47A7B86706B}.Release|x64.Build.0 = Release|Any CPU
		{124FE1D2-61A9-4C0B-987D-B47A7B86706B}.Release|x86.ActiveCfg = Release|Any CPU
		{124FE1D2-61A9-4C0B-987D-B47A7B86706B}.Release|x86.Build.0 = Release|Any CPU
		{E66FD291-169F-4278-B734-AA32D934C081}.Debug|Any CPU.ActiveCfg = Debug|Any CPU
		{E66FD291-169F-4278-B734-AA32D934C081}.Debug|Any CPU.Build.0 = Debug|Any CPU
		{E66FD291-169F-4278-B734-AA32D934C081}.Debug|x64.ActiveCfg = Debug|Any CPU
		{E66FD291-169F-4278-B734-AA32D934C081}.Debug|x64.Build.0 = Debug|Any CPU
		{E66FD291-169F-4278-B734-AA32D934C081}.Debug|x86.ActiveCfg = Debug|Any CPU
		{E66FD291-169F-4278-B734-AA32D934C081}.Debug|x86.Build.0 = Debug|Any CPU
		{E66FD291-169F-4278-B734-AA32D934C081}.Release|Any CPU.ActiveCfg = Release|Any CPU
		{E66FD291-169F-4278-B734-AA32D934C081}.Release|Any CPU.Build.0 = Release|Any CPU
		{E66FD291-169F-4278-B734-AA32D934C081}.Release|x64.ActiveCfg = Release|Any CPU
		{E66FD291-169F-4278-B734-AA32D934C081}.Release|x64.Build.0 = Release|Any CPU
		{E66FD291-169F-4278-B734-AA32D934C081}.Release|x86.ActiveCfg = Release|Any CPU
		{E66FD291-169F-4278-B734-AA32D934C081}.Release|x86.Build.0 = Release|Any CPU
	EndGlobalSection
	GlobalSection(SolutionProperties) = preSolution
		HideSolutionNode = FALSE
	EndGlobalSection
	GlobalSection(NestedProjects) = preSolution
		{EB826E5A-3BC8-4056-BCDB-DC99C5616EE5} = {80882D6A-FC86-4D7B-8EF7-53B2791B0A6B}
		{3CC0EC0B-4EF6-490A-91AB-5D84698F8A8B} = {80882D6A-FC86-4D7B-8EF7-53B2791B0A6B}
		{2DCEE92D-50BD-409C-ABA7-5458B76B16E4} = {80882D6A-FC86-4D7B-8EF7-53B2791B0A6B}
		{25C68475-4A09-4489-82A5-B03E0EAC0529} = {80882D6A-FC86-4D7B-8EF7-53B2791B0A6B}
		{944A5DB3-F36B-4663-9516-B0C9834E08C4} = {80882D6A-FC86-4D7B-8EF7-53B2791B0A6B}
		{895B4DDE-C29F-4285-9781-8920173BE119} = {944A5DB3-F36B-4663-9516-B0C9834E08C4}
		{094FEAFC-2292-44BD-97B8-0E1851DDB765} = {944A5DB3-F36B-4663-9516-B0C9834E08C4}
		{F2FCBBD9-190C-45BE-9CAA-9524DF4008DE} = {944A5DB3-F36B-4663-9516-B0C9834E08C4}
		{892FB591-52A6-4389-ABDE-1ADF2BCEC906} = {944A5DB3-F36B-4663-9516-B0C9834E08C4}
		{6B57944B-7FBD-4ED8-9A4C-755BD5E96379} = {944A5DB3-F36B-4663-9516-B0C9834E08C4}
		{A1A42827-B46C-48EB-AC1E-422F16820E02} = {944A5DB3-F36B-4663-9516-B0C9834E08C4}
		{04DC8B8A-0063-4A04-8992-DD118CEBE45B} = {944A5DB3-F36B-4663-9516-B0C9834E08C4}
		{2E3D2516-F840-431C-BCC0-58A5E875EEA1} = {944A5DB3-F36B-4663-9516-B0C9834E08C4}
		{1D47C28A-DB43-4745-8459-DBA0EA0C7B4F} = {944A5DB3-F36B-4663-9516-B0C9834E08C4}
		{6DCAF6A3-A457-47B2-BF8F-F3D29549FBD1} = {944A5DB3-F36B-4663-9516-B0C9834E08C4}
		{E0ADDFE4-DBC5-4EEB-85F4-4AF45CC8E5D9} = {944A5DB3-F36B-4663-9516-B0C9834E08C4}
		{01C9DEDF-A341-49DA-8CC7-00AE5DBBCC9E} = {944A5DB3-F36B-4663-9516-B0C9834E08C4}
		{81F07068-7BF6-4DEE-9949-E048CFD59F53} = {944A5DB3-F36B-4663-9516-B0C9834E08C4}
		{124FE1D2-61A9-4C0B-987D-B47A7B86706B} = {944A5DB3-F36B-4663-9516-B0C9834E08C4}
		{E66FD291-169F-4278-B734-AA32D934C081} = {944A5DB3-F36B-4663-9516-B0C9834E08C4}
	EndGlobalSection
	GlobalSection(ExtensibilityGlobals) = postSolution
		SolutionGuid = {10760DFC-489A-43C7-947A-7189A0157E9E}
	EndGlobalSection
EndGlobal
