
Microsoft Visual Studio Solution File, Format Version 12.00
# Visual Studio Version 16
VisualStudioVersion = 16.0.29509.3
MinimumVisualStudioVersion = 15.0.26124.0
Project("{9A19103F-16F7-4668-BE54-9A1E7A4F7556}") = "Prise", "src\Prise\Prise.csproj", "{38C0A189-8714-491E-8CBA-BF6EAF19B1FA}"
EndProject
Project("{9A19103F-16F7-4668-BE54-9A1E7A4F7556}") = "Prise.Plugin", "src\Prise.Plugin\Prise.Plugin.csproj", "{386FDCE1-5118-457E-BA33-6DE6302DFAC2}"
EndProject
Project("{9A19103F-16F7-4668-BE54-9A1E7A4F7556}") = "Prise.AssemblyScanning", "src\Prise.AssemblyScanning\Prise.AssemblyScanning.csproj", "{2B77711C-CD34-43F3-97D5-D87F5F3AEDC9}"
EndProject
Project("{9A19103F-16F7-4668-BE54-9A1E7A4F7556}") = "Prise.AssemblyScanning.Discovery", "src\Prise.AssemblyScanning.Discovery\Prise.AssemblyScanning.Discovery.csproj", "{67A0C49A-6869-499A-A51C-22B74B475B36}"
EndProject
Project("{2150E333-8FDC-42A3-9474-1A3956D46DE8}") = "Tests", "Tests", "{80882D6A-FC86-4D7B-8EF7-53B2791B0A6B}"
EndProject
Project("{9A19103F-16F7-4668-BE54-9A1E7A4F7556}") = "Prise.Tests", "src\Tests\Prise.Tests.csproj", "{C338494C-EF36-4296-9CFD-658283747A24}"
EndProject
Global
	GlobalSection(SolutionConfigurationPlatforms) = preSolution
		Debug|Any CPU = Debug|Any CPU
		Debug|x64 = Debug|x64
		Debug|x86 = Debug|x86
		Release|Any CPU = Release|Any CPU
		Release|x64 = Release|x64
		Release|x86 = Release|x86
	EndGlobalSection
	GlobalSection(ProjectConfigurationPlatforms) = postSolution
		{38C0A189-8714-491E-8CBA-BF6EAF19B1FA}.Debug|Any CPU.ActiveCfg = Debug|Any CPU
		{38C0A189-8714-491E-8CBA-BF6EAF19B1FA}.Debug|Any CPU.Build.0 = Debug|Any CPU
		{38C0A189-8714-491E-8CBA-BF6EAF19B1FA}.Debug|x64.ActiveCfg = Debug|Any CPU
		{38C0A189-8714-491E-8CBA-BF6EAF19B1FA}.Debug|x64.Build.0 = Debug|Any CPU
		{38C0A189-8714-491E-8CBA-BF6EAF19B1FA}.Debug|x86.ActiveCfg = Debug|Any CPU
		{38C0A189-8714-491E-8CBA-BF6EAF19B1FA}.Debug|x86.Build.0 = Debug|Any CPU
		{38C0A189-8714-491E-8CBA-BF6EAF19B1FA}.Release|Any CPU.ActiveCfg = Release|Any CPU
		{38C0A189-8714-491E-8CBA-BF6EAF19B1FA}.Release|Any CPU.Build.0 = Release|Any CPU
		{38C0A189-8714-491E-8CBA-BF6EAF19B1FA}.Release|x64.ActiveCfg = Release|Any CPU
		{38C0A189-8714-491E-8CBA-BF6EAF19B1FA}.Release|x64.Build.0 = Release|Any CPU
		{38C0A189-8714-491E-8CBA-BF6EAF19B1FA}.Release|x86.ActiveCfg = Release|Any CPU
		{38C0A189-8714-491E-8CBA-BF6EAF19B1FA}.Release|x86.Build.0 = Release|Any CPU
		{386FDCE1-5118-457E-BA33-6DE6302DFAC2}.Debug|Any CPU.ActiveCfg = Debug|Any CPU
		{386FDCE1-5118-457E-BA33-6DE6302DFAC2}.Debug|Any CPU.Build.0 = Debug|Any CPU
		{386FDCE1-5118-457E-BA33-6DE6302DFAC2}.Debug|x64.ActiveCfg = Debug|Any CPU
		{386FDCE1-5118-457E-BA33-6DE6302DFAC2}.Debug|x64.Build.0 = Debug|Any CPU
		{386FDCE1-5118-457E-BA33-6DE6302DFAC2}.Debug|x86.ActiveCfg = Debug|Any CPU
		{386FDCE1-5118-457E-BA33-6DE6302DFAC2}.Debug|x86.Build.0 = Debug|Any CPU
		{386FDCE1-5118-457E-BA33-6DE6302DFAC2}.Release|Any CPU.ActiveCfg = Release|Any CPU
		{386FDCE1-5118-457E-BA33-6DE6302DFAC2}.Release|Any CPU.Build.0 = Release|Any CPU
		{386FDCE1-5118-457E-BA33-6DE6302DFAC2}.Release|x64.ActiveCfg = Release|Any CPU
		{386FDCE1-5118-457E-BA33-6DE6302DFAC2}.Release|x64.Build.0 = Release|Any CPU
		{386FDCE1-5118-457E-BA33-6DE6302DFAC2}.Release|x86.ActiveCfg = Release|Any CPU
		{386FDCE1-5118-457E-BA33-6DE6302DFAC2}.Release|x86.Build.0 = Release|Any CPU
		{2B77711C-CD34-43F3-97D5-D87F5F3AEDC9}.Debug|Any CPU.ActiveCfg = Debug|Any CPU
		{2B77711C-CD34-43F3-97D5-D87F5F3AEDC9}.Debug|Any CPU.Build.0 = Debug|Any CPU
		{2B77711C-CD34-43F3-97D5-D87F5F3AEDC9}.Debug|x64.ActiveCfg = Debug|Any CPU
		{2B77711C-CD34-43F3-97D5-D87F5F3AEDC9}.Debug|x64.Build.0 = Debug|Any CPU
		{2B77711C-CD34-43F3-97D5-D87F5F3AEDC9}.Debug|x86.ActiveCfg = Debug|Any CPU
		{2B77711C-CD34-43F3-97D5-D87F5F3AEDC9}.Debug|x86.Build.0 = Debug|Any CPU
		{2B77711C-CD34-43F3-97D5-D87F5F3AEDC9}.Release|Any CPU.ActiveCfg = Release|Any CPU
		{2B77711C-CD34-43F3-97D5-D87F5F3AEDC9}.Release|Any CPU.Build.0 = Release|Any CPU
		{2B77711C-CD34-43F3-97D5-D87F5F3AEDC9}.Release|x64.ActiveCfg = Release|Any CPU
		{2B77711C-CD34-43F3-97D5-D87F5F3AEDC9}.Release|x64.Build.0 = Release|Any CPU
		{2B77711C-CD34-43F3-97D5-D87F5F3AEDC9}.Release|x86.ActiveCfg = Release|Any CPU
		{2B77711C-CD34-43F3-97D5-D87F5F3AEDC9}.Release|x86.Build.0 = Release|Any CPU
		{67A0C49A-6869-499A-A51C-22B74B475B36}.Debug|Any CPU.ActiveCfg = Debug|Any CPU
		{67A0C49A-6869-499A-A51C-22B74B475B36}.Debug|Any CPU.Build.0 = Debug|Any CPU
		{67A0C49A-6869-499A-A51C-22B74B475B36}.Debug|x64.ActiveCfg = Debug|Any CPU
		{67A0C49A-6869-499A-A51C-22B74B475B36}.Debug|x64.Build.0 = Debug|Any CPU
		{67A0C49A-6869-499A-A51C-22B74B475B36}.Debug|x86.ActiveCfg = Debug|Any CPU
		{67A0C49A-6869-499A-A51C-22B74B475B36}.Debug|x86.Build.0 = Debug|Any CPU
		{67A0C49A-6869-499A-A51C-22B74B475B36}.Release|Any CPU.ActiveCfg = Release|Any CPU
		{67A0C49A-6869-499A-A51C-22B74B475B36}.Release|Any CPU.Build.0 = Release|Any CPU
		{67A0C49A-6869-499A-A51C-22B74B475B36}.Release|x64.ActiveCfg = Release|Any CPU
		{67A0C49A-6869-499A-A51C-22B74B475B36}.Release|x64.Build.0 = Release|Any CPU
		{67A0C49A-6869-499A-A51C-22B74B475B36}.Release|x86.ActiveCfg = Release|Any CPU
		{67A0C49A-6869-499A-A51C-22B74B475B36}.Release|x86.Build.0 = Release|Any CPU
		{C338494C-EF36-4296-9CFD-658283747A24}.Debug|Any CPU.ActiveCfg = Debug|Any CPU
		{C338494C-EF36-4296-9CFD-658283747A24}.Debug|Any CPU.Build.0 = Debug|Any CPU
		{C338494C-EF36-4296-9CFD-658283747A24}.Debug|x64.ActiveCfg = Debug|Any CPU
		{C338494C-EF36-4296-9CFD-658283747A24}.Debug|x64.Build.0 = Debug|Any CPU
		{C338494C-EF36-4296-9CFD-658283747A24}.Debug|x86.ActiveCfg = Debug|Any CPU
		{C338494C-EF36-4296-9CFD-658283747A24}.Debug|x86.Build.0 = Debug|Any CPU
		{C338494C-EF36-4296-9CFD-658283747A24}.Release|Any CPU.ActiveCfg = Release|Any CPU
		{C338494C-EF36-4296-9CFD-658283747A24}.Release|Any CPU.Build.0 = Release|Any CPU
		{C338494C-EF36-4296-9CFD-658283747A24}.Release|x64.ActiveCfg = Release|Any CPU
		{C338494C-EF36-4296-9CFD-658283747A24}.Release|x64.Build.0 = Release|Any CPU
		{C338494C-EF36-4296-9CFD-658283747A24}.Release|x86.ActiveCfg = Release|Any CPU
		{C338494C-EF36-4296-9CFD-658283747A24}.Release|x86.Build.0 = Release|Any CPU
	EndGlobalSection
	GlobalSection(SolutionProperties) = preSolution
		HideSolutionNode = FALSE
	EndGlobalSection
	GlobalSection(NestedProjects) = preSolution
		{C338494C-EF36-4296-9CFD-658283747A24} = {80882D6A-FC86-4D7B-8EF7-53B2791B0A6B}
	EndGlobalSection
	GlobalSection(ExtensibilityGlobals) = postSolution
		SolutionGuid = {10760DFC-489A-43C7-947A-7189A0157E9E}
	EndGlobalSection
EndGlobal
