
Microsoft Visual Studio Solution File, Format Version 12.00
# Visual Studio Version 16
VisualStudioVersion = 16.0.29509.3
MinimumVisualStudioVersion = 15.0.26124.0
Project("{2150E333-8FDC-42A3-9474-1A3956D46DE8}") = "AvaloniaAppWithPlugin", "AvaloniaAppWithPlugin", "{1EF3941C-B07D-4D39-A501-3A0C4C9AF71A}"
EndProject
Project("{9A19103F-16F7-4668-BE54-9A1E7A4F7556}") = "AppHost", "examples\AvaloniaAppWithPlugin\AppHost\AppHost.csproj", "{65290EA3-4751-4EEB-B43E-7E220BC82B60}"
EndProject
Project("{9A19103F-16F7-4668-BE54-9A1E7A4F7556}") = "Components", "examples\AvaloniaAppWithPlugin\Components\Components.csproj", "{C6F5FFD5-0F5B-4D27-A213-94A14ED6DA6F}"
EndProject
Project("{9A19103F-16F7-4668-BE54-9A1E7A4F7556}") = "Contract", "examples\AvaloniaAppWithPlugin\Contract\Contract.csproj", "{6F616909-EAAD-4481-8956-1CA771C15723}"
EndProject
Project("{9A19103F-16F7-4668-BE54-9A1E7A4F7556}") = "Shared", "examples\AvaloniaAppWithPlugin\Shared\Shared.csproj", "{C0918466-A5AD-48F5-9C36-CA7D21FA0990}"
EndProject
Project("{2150E333-8FDC-42A3-9474-1A3956D46DE8}") = "AzureFunctionWithPlugin", "AzureFunctionWithPlugin", "{32360CA4-7B86-4398-BF7B-C826E26669E4}"
EndProject
Project("{9A19103F-16F7-4668-BE54-9A1E7A4F7556}") = "Contract", "examples\AzureFunctionWithPlugin\Contract\Contract.csproj", "{CD5BAC2E-D493-4163-8550-AF5C5C508F62}"
EndProject
Project("{9A19103F-16F7-4668-BE54-9A1E7A4F7556}") = "Plugin.Function", "examples\AzureFunctionWithPlugin\Plugin.Function\Plugin.Function.csproj", "{B9A3A487-7CD2-4112-9C6A-A466B7309DB7}"
EndProject
Project("{9A19103F-16F7-4668-BE54-9A1E7A4F7556}") = "Bonjour.Plugin", "examples\AzureFunctionWithPlugin\Plugins\Bonjour.Plugin\Bonjour.Plugin.csproj", "{0E560A82-A92F-4C11-85CF-06BC0573A872}"
EndProject
Project("{9A19103F-16F7-4668-BE54-9A1E7A4F7556}") = "Hallo.Plugin", "examples\AzureFunctionWithPlugin\Plugins\Hallo.Plugin\Hallo.Plugin.csproj", "{787036D6-8D2B-4163-ADCD-E4233294D553}"
EndProject
Project("{9A19103F-16F7-4668-BE54-9A1E7A4F7556}") = "Hello.Plugin", "examples\AzureFunctionWithPlugin\Plugins\Hello.Plugin\Hello.Plugin.csproj", "{DC957630-97CC-482C-9F4F-B60CBF05C751}"
EndProject
Project("{9A19103F-16F7-4668-BE54-9A1E7A4F7556}") = "Plugin.Server", "examples\AzureFunctionWithPlugin\PluginServer\Plugin.Server.csproj", "{81B62743-C683-48F7-8DC3-19AA9F778460}"
EndProject
Project("{2150E333-8FDC-42A3-9474-1A3956D46DE8}") = "ComplexPlugin", "ComplexPlugin", "{67E1F929-7858-4166-A2BB-5101292EA3AE}"
EndProject
Project("{9A19103F-16F7-4668-BE54-9A1E7A4F7556}") = "AppHost", "examples\ComplexPlugin\AppHost\AppHost.csproj", "{96AF7748-6D90-443D-834F-6F3DEEA64694}"
EndProject
Project("{9A19103F-16F7-4668-BE54-9A1E7A4F7556}") = "Contract", "examples\ComplexPlugin\Contract\Contract.csproj", "{8CB65DED-C083-41D9-A26C-4ECBB2C5043E}"
EndProject
Project("{9A19103F-16F7-4668-BE54-9A1E7A4F7556}") = "DomainForPluginC", "examples\ComplexPlugin\DomainForPluginC\DomainForPluginC.csproj", "{7AB22521-D20B-42C2-BB35-FF40A8E76E55}"
EndProject
Project("{9A19103F-16F7-4668-BE54-9A1E7A4F7556}") = "PluginA", "examples\ComplexPlugin\Plugins\PluginA\PluginA.csproj", "{EBBC32A0-3B12-4A8B-95EA-8EE3A54D2D0D}"
EndProject
Project("{9A19103F-16F7-4668-BE54-9A1E7A4F7556}") = "PluginB", "examples\ComplexPlugin\Plugins\PluginB\PluginB.csproj", "{2B18AC24-698E-4475-95AB-394016B38EDC}"
EndProject
Project("{9A19103F-16F7-4668-BE54-9A1E7A4F7556}") = "PluginC", "examples\ComplexPlugin\Plugins\PluginC\PluginC.csproj", "{A8CAA4FE-A4B1-4883-9E1A-A0A7D3FA03C2}"
EndProject
Project("{9A19103F-16F7-4668-BE54-9A1E7A4F7556}") = "Tests", "examples\ComplexPlugin\Tests\Tests.csproj", "{E2D5C1A8-F04A-4CB6-BCF4-3D81AA1FE29D}"
EndProject
Project("{2150E333-8FDC-42A3-9474-1A3956D46DE8}") = "MicroserviceWithPlugins", "MicroserviceWithPlugins", "{1317721D-A917-47E1-A004-6FE0CB5C94E5}"
EndProject
Project("{9A19103F-16F7-4668-BE54-9A1E7A4F7556}") = "Contract", "examples\MicroserviceWithPlugins\Contract\Contract.csproj", "{8AE7B912-61A8-4453-A98B-FBD4AD49E9F0}"
EndProject
Project("{9A19103F-16F7-4668-BE54-9A1E7A4F7556}") = "MyHost", "examples\MicroserviceWithPlugins\MyHost\MyHost.csproj", "{414A611C-75DB-4341-9EB7-19786D67D1D5}"
EndProject
Project("{9A19103F-16F7-4668-BE54-9A1E7A4F7556}") = "MyHost2", "examples\MicroserviceWithPlugins\MyHost2\MyHost2.csproj", "{BC9E6A97-9AE6-4067-9479-104929B86A9F}"
EndProject
Project("{9A19103F-16F7-4668-BE54-9A1E7A4F7556}") = "Plugin.Server", "examples\MicroserviceWithPlugins\PluginServer\Plugin.Server.csproj", "{F06F031D-4300-4441-BF5F-3A1FFAA5E5C3}"
EndProject
Project("{2150E333-8FDC-42A3-9474-1A3956D46DE8}") = "PluginFromNetwork", "PluginFromNetwork", "{FDA247B9-A17B-415C-8573-83E39EE0EADA}"
EndProject
Project("{9A19103F-16F7-4668-BE54-9A1E7A4F7556}") = "Contract", "examples\PluginFromNetwork\Contract\Contract.csproj", "{B61C591A-1EC4-4478-91CF-5DE1CD402C4E}"
EndProject
Project("{9A19103F-16F7-4668-BE54-9A1E7A4F7556}") = "MyHost", "examples\PluginFromNetwork\MyHost\MyHost.csproj", "{86514E62-9EFE-446D-9BA6-00BB39317FB7}"
EndProject
Project("{9A19103F-16F7-4668-BE54-9A1E7A4F7556}") = "Bonjour.Plugin", "examples\PluginFromNetwork\Plugins\Bonjour.Plugin\Bonjour.Plugin.csproj", "{852594C0-A27A-43E6-8CD4-C9C723E17E87}"
EndProject
Project("{2150E333-8FDC-42A3-9474-1A3956D46DE8}") = "Plugins", "Plugins", "{FFB2B179-D092-4ABC-81E6-9F5D89752C66}"
EndProject
Project("{9A19103F-16F7-4668-BE54-9A1E7A4F7556}") = "Hallo.Plugin", "examples\PluginFromNetwork\Plugins\Hallo.Plugin\Hallo.Plugin.csproj", "{7D55978B-4A9D-47D3-9D2E-5629C1726226}"
EndProject
Project("{9A19103F-16F7-4668-BE54-9A1E7A4F7556}") = "Hello.Plugin", "examples\PluginFromNetwork\Plugins\Hello.Plugin\Hello.Plugin.csproj", "{2EF7A419-F136-4862-A396-31D99A21B406}"
EndProject
Project("{2150E333-8FDC-42A3-9474-1A3956D46DE8}") = "Plugins", "Plugins", "{5C874E64-8174-4B04-A20D-092F8F3629E6}"
EndProject
Project("{2150E333-8FDC-42A3-9474-1A3956D46DE8}") = "Plugins", "Plugins", "{7B07A50C-761E-4068-94BE-41DACEA4AC94}"
EndProject
Project("{2150E333-8FDC-42A3-9474-1A3956D46DE8}") = "Plugins", "Plugins", "{39C20EE5-616C-4E92-A0E8-1B4DA4DF0376}"
EndProject
Project("{9A19103F-16F7-4668-BE54-9A1E7A4F7556}") = "Plugin.Server", "examples\PluginFromNetwork\PluginServer\Plugin.Server.csproj", "{72E0E2C6-2CE0-45F2-A7A2-D8A101294809}"
EndProject
Project("{2150E333-8FDC-42A3-9474-1A3956D46DE8}") = "PluginWithAsyncContract", "PluginWithAsyncContract", "{AF8A5A88-8392-46B2-A7AF-43D69EA90E02}"
EndProject
Project("{9A19103F-16F7-4668-BE54-9A1E7A4F7556}") = "Contract", "examples\PluginWithAsyncContract\Contract\Contract.csproj", "{E45E2A8B-497B-40BD-9F27-A1546725BBCA}"
EndProject
Project("{9A19103F-16F7-4668-BE54-9A1E7A4F7556}") = "HelloWorldPlugin", "examples\PluginWithAsyncContract\HelloWorldPlugin\HelloWorldPlugin.csproj", "{990AC424-A584-4E3E-A517-624B59200240}"
EndProject
Project("{9A19103F-16F7-4668-BE54-9A1E7A4F7556}") = "MyHost", "examples\PluginWithAsyncContract\MyHost\MyHost.csproj", "{53BF7678-B26C-42B6-837E-5E6A10D5DAD4}"
EndProject
Project("{2150E333-8FDC-42A3-9474-1A3956D46DE8}") = "PluginWithDependencies", "PluginWithDependencies", "{AF6DD880-0D97-4BDF-B8AE-5855DD8BDC3B}"
EndProject
Project("{9A19103F-16F7-4668-BE54-9A1E7A4F7556}") = "Contract", "examples\PluginWithDependencies\Contract\Contract.csproj", "{19189387-D9D3-48F5-B96A-46DB51582A69}"
EndProject
Project("{9A19103F-16F7-4668-BE54-9A1E7A4F7556}") = "MyHost", "examples\PluginWithDependencies\MyHost\MyHost.csproj", "{1E7483E1-44FD-490A-8027-6D02756D109E}"
EndProject
Project("{2150E333-8FDC-42A3-9474-1A3956D46DE8}") = "Plugins", "Plugins", "{0D3E8DFA-200A-4278-A228-A80204B5CFC3}"
EndProject
Project("{9A19103F-16F7-4668-BE54-9A1E7A4F7556}") = "Bonjour.Plugin", "examples\PluginWithDependencies\Plugins\Bonjour.Plugin\Bonjour.Plugin.csproj", "{8F47CE55-B71D-46D2-A1BE-FEDBB95B2328}"
EndProject
Project("{9A19103F-16F7-4668-BE54-9A1E7A4F7556}") = "Hallo.Plugin", "examples\PluginWithDependencies\Plugins\Hallo.Plugin\Hallo.Plugin.csproj", "{49B1DF8F-77DF-4C62-86F3-BFC5A74559B1}"
EndProject
Project("{9A19103F-16F7-4668-BE54-9A1E7A4F7556}") = "Hello.Plugin", "examples\PluginWithDependencies\Plugins\Hello.Plugin\Hello.Plugin.csproj", "{783CB419-C0F2-4B03-9790-09152B6213C4}"
EndProject
Project("{9A19103F-16F7-4668-BE54-9A1E7A4F7556}") = "Random.Domain", "examples\PluginWithDependencies\Plugins\Random.Domain\Random.Domain.csproj", "{2CBA0863-4D92-4E43-9140-3F08E3DAEC78}"
EndProject
Project("{9A19103F-16F7-4668-BE54-9A1E7A4F7556}") = "Random.Plugin", "examples\PluginWithDependencies\Plugins\Random.Plugin\Random.Plugin.csproj", "{BB35FDC9-5398-439D-AD52-0CE3E05A54AF}"
EndProject
Project("{2150E333-8FDC-42A3-9474-1A3956D46DE8}") = "PluginWithSharedDependencies", "PluginWithSharedDependencies", "{6FA89863-B0DC-4671-BF0B-81956AED7FB9}"
EndProject
Project("{9A19103F-16F7-4668-BE54-9A1E7A4F7556}") = "Contract", "examples\PluginWithSharedDependencies\Contract\Contract.csproj", "{CFB1226A-9093-447D-9237-1219ED46E97C}"
EndProject
Project("{9A19103F-16F7-4668-BE54-9A1E7A4F7556}") = "MyHost", "examples\PluginWithSharedDependencies\MyHost\MyHost.csproj", "{ED13BC65-DA53-4442-8AE7-DAC5D6109BA1}"
EndProject
Project("{2150E333-8FDC-42A3-9474-1A3956D46DE8}") = "Plugins", "Plugins", "{08A7B8E1-9599-41FE-876B-609FB18B3A04}"
EndProject
Project("{9A19103F-16F7-4668-BE54-9A1E7A4F7556}") = "Language.Domain", "examples\PluginWithSharedDependencies\Plugins\Language.Domain\Language.Domain.csproj", "{69376953-0D88-4583-B429-04DD292E8564}"
EndProject
Project("{9A19103F-16F7-4668-BE54-9A1E7A4F7556}") = "LanguageBased.Plugin", "examples\PluginWithSharedDependencies\Plugins\LanguageBased.Plugin\LanguageBased.Plugin.csproj", "{FCF74E97-FF79-4417-974D-E2AC93A569D8}"
EndProject
Project("{2150E333-8FDC-42A3-9474-1A3956D46DE8}") = "SimplePlugin", "SimplePlugin", "{9DC0FD24-F08D-420C-A0BC-3B42A1B46885}"
EndProject
Project("{9A19103F-16F7-4668-BE54-9A1E7A4F7556}") = "Contract", "examples\SimplePlugin\Contract\Contract.csproj", "{E3C139E6-4A6F-4116-99ED-8FC8820BC60F}"
EndProject
Project("{9A19103F-16F7-4668-BE54-9A1E7A4F7556}") = "HelloWorldPlugin", "examples\SimplePlugin\HelloWorldPlugin\HelloWorldPlugin.csproj", "{B7356CC4-0F83-48AB-9BDA-497172FB2D03}"
EndProject
Project("{9A19103F-16F7-4668-BE54-9A1E7A4F7556}") = "MyHost", "examples\SimplePlugin\MyHost\MyHost.csproj", "{B1F63A2C-BB3C-4F0F-8D06-9C9F279AED51}"
EndProject
Project("{9A19103F-16F7-4668-BE54-9A1E7A4F7556}") = "Prise", "src\Prise\Prise.csproj", "{38C0A189-8714-491E-8CBA-BF6EAF19B1FA}"
EndProject
Project("{9A19103F-16F7-4668-BE54-9A1E7A4F7556}") = "Prise.Plugin", "src\Prise.Plugin\Prise.Plugin.csproj", "{386FDCE1-5118-457E-BA33-6DE6302DFAC2}"
EndProject
Project("{2150E333-8FDC-42A3-9474-1A3956D46DE8}") = "PluginWithExternalServices", "PluginWithExternalServices", "{F4BBFAE6-DFF8-4220-B388-2A47419D6EC0}"
EndProject
Project("{9A19103F-16F7-4668-BE54-9A1E7A4F7556}") = "Contract", "examples\PluginWithExternalServices\Contract\Contract.csproj", "{D43B791F-42CB-46D7-969D-3E820D040057}"
EndProject
Project("{9A19103F-16F7-4668-BE54-9A1E7A4F7556}") = "MyHost", "examples\PluginWithExternalServices\MyHost\MyHost.csproj", "{1AD22C49-7D3C-44C7-B6F8-B941B1F1A699}"
EndProject
Project("{9A19103F-16F7-4668-BE54-9A1E7A4F7556}") = "LanguageBased.Plugin", "examples\PluginWithExternalServices\Plugins\LanguageBased.Plugin\LanguageBased.Plugin.csproj", "{231B766F-6B28-431D-AA52-4846B658F156}"
EndProject
Project("{9A19103F-16F7-4668-BE54-9A1E7A4F7556}") = "MyProductsAPI", "examples\MicroserviceWithPlugins\MyProductsAPI\MyProductsAPI.csproj", "{44219E20-5BF4-48E5-9EAE-2A38EC2ADB9E}"
EndProject
Project("{9A19103F-16F7-4668-BE54-9A1E7A4F7556}") = "CosmosDbPlugin", "examples\MicroserviceWithPlugins\Plugins\CosmosDbPlugin\CosmosDbPlugin.csproj", "{10E373BF-5CC2-438D-8062-8BE9FBD8CB22}"
EndProject
Project("{9A19103F-16F7-4668-BE54-9A1E7A4F7556}") = "HttpPlugin", "examples\MicroserviceWithPlugins\Plugins\HttpPlugin\HttpPlugin.csproj", "{D2BAFDC4-0EED-44A1-BC73-39A2B7FCA1AF}"
EndProject
Project("{9A19103F-16F7-4668-BE54-9A1E7A4F7556}") = "OldSQLPlugin", "examples\MicroserviceWithPlugins\Plugins\OldSQLPlugin\OldSQLPlugin.csproj", "{54BD0B74-21FE-45E3-85DD-1EAD6B711EEE}"
EndProject
Project("{9A19103F-16F7-4668-BE54-9A1E7A4F7556}") = "SQLPlugin", "examples\MicroserviceWithPlugins\Plugins\SQLPlugin\SQLPlugin.csproj", "{550695A5-6AD7-4999-87E9-0FF8DF4ACDD5}"
EndProject
Project("{9A19103F-16F7-4668-BE54-9A1E7A4F7556}") = "TableStoragePlugin", "examples\MicroserviceWithPlugins\Plugins\TableStoragePlugin\TableStoragePlugin.csproj", "{E13E2889-2336-4002-9485-962E4786A4AD}"
EndProject
Project("{2150E333-8FDC-42A3-9474-1A3956D46DE8}") = "AssemblyDiscovery", "AssemblyDiscovery", "{B30ECC30-F291-45BC-A460-42CB9907BB79}"
EndProject
Project("{9A19103F-16F7-4668-BE54-9A1E7A4F7556}") = "Contract", "examples\AssemblyDiscovery\Contract\Contract.csproj", "{7B51FAAC-B767-46A6-8D76-35CEEAD9D463}"
EndProject
Project("{9A19103F-16F7-4668-BE54-9A1E7A4F7556}") = "MyHost", "examples\AssemblyDiscovery\MyHost\MyHost.csproj", "{60DE4DEF-177C-4ED5-9844-9DAFF8E168F9}"
EndProject
Project("{2150E333-8FDC-42A3-9474-1A3956D46DE8}") = "Plugins", "Plugins", "{FBB434BE-98E7-4156-86AD-BEAE8C839D79}"
EndProject
Project("{9A19103F-16F7-4668-BE54-9A1E7A4F7556}") = "TableStorageConnector", "examples\AssemblyDiscovery\Plugins\TableStorageConnector\TableStorageConnector.csproj", "{9C009F31-86C9-4175-8E52-E4760A667CB3}"
EndProject
Project("{9A19103F-16F7-4668-BE54-9A1E7A4F7556}") = "ProductsDeleterPlugin", "examples\AssemblyDiscovery\Plugins\ProductsDeleterPlugin\ProductsDeleterPlugin.csproj", "{533B21B9-37A5-420D-9AE9-0DE2C4B3D294}"
EndProject
Project("{9A19103F-16F7-4668-BE54-9A1E7A4F7556}") = "ProductsReaderPlugin", "examples\AssemblyDiscovery\Plugins\ProductsReaderPlugin\ProductsReaderPlugin.csproj", "{E3C02BCA-A88A-4A0A-BACE-3643D3822774}"
EndProject
Project("{9A19103F-16F7-4668-BE54-9A1E7A4F7556}") = "ProductsWriterPlugin", "examples\AssemblyDiscovery\Plugins\ProductsWriterPlugin\ProductsWriterPlugin.csproj", "{A7EB5BD9-C5B2-4D62-83DC-72B9A54209CA}"
EndProject
Project("{9A19103F-16F7-4668-BE54-9A1E7A4F7556}") = "Prise.AssemblyScanning", "src\Prise.AssemblyScanning\Prise.AssemblyScanning.csproj", "{2B77711C-CD34-43F3-97D5-D87F5F3AEDC9}"
EndProject
Project("{9A19103F-16F7-4668-BE54-9A1E7A4F7556}") = "Prise.AssemblyScanning.Discovery", "src\Prise.AssemblyScanning.Discovery\Prise.AssemblyScanning.Discovery.csproj", "{67A0C49A-6869-499A-A51C-22B74B475B36}"
EndProject
Project("{9A19103F-16F7-4668-BE54-9A1E7A4F7556}") = "PluginTester", "examples\AssemblyDiscovery\Plugins\PluginTester\PluginTester.csproj", "{87A300FF-964B-4144-8308-539CC46904BD}"
EndProject
Project("{9A19103F-16F7-4668-BE54-9A1E7A4F7556}") = "Tests", "examples\MicroserviceWithPlugins\Tests\Tests.csproj", "{4CBC8EB3-445A-4976-887A-2511E11A2D8D}"
EndProject
Global
	GlobalSection(SolutionConfigurationPlatforms) = preSolution
		Debug|Any CPU = Debug|Any CPU
		Debug|x64 = Debug|x64
		Debug|x86 = Debug|x86
		Release|Any CPU = Release|Any CPU
		Release|x64 = Release|x64
		Release|x86 = Release|x86
	EndGlobalSection
	GlobalSection(ProjectConfigurationPlatforms) = postSolution
		{65290EA3-4751-4EEB-B43E-7E220BC82B60}.Debug|Any CPU.ActiveCfg = Debug|Any CPU
		{65290EA3-4751-4EEB-B43E-7E220BC82B60}.Debug|Any CPU.Build.0 = Debug|Any CPU
		{65290EA3-4751-4EEB-B43E-7E220BC82B60}.Debug|x64.ActiveCfg = Debug|Any CPU
		{65290EA3-4751-4EEB-B43E-7E220BC82B60}.Debug|x64.Build.0 = Debug|Any CPU
		{65290EA3-4751-4EEB-B43E-7E220BC82B60}.Debug|x86.ActiveCfg = Debug|Any CPU
		{65290EA3-4751-4EEB-B43E-7E220BC82B60}.Debug|x86.Build.0 = Debug|Any CPU
		{65290EA3-4751-4EEB-B43E-7E220BC82B60}.Release|Any CPU.ActiveCfg = Release|Any CPU
		{65290EA3-4751-4EEB-B43E-7E220BC82B60}.Release|Any CPU.Build.0 = Release|Any CPU
		{65290EA3-4751-4EEB-B43E-7E220BC82B60}.Release|x64.ActiveCfg = Release|Any CPU
		{65290EA3-4751-4EEB-B43E-7E220BC82B60}.Release|x64.Build.0 = Release|Any CPU
		{65290EA3-4751-4EEB-B43E-7E220BC82B60}.Release|x86.ActiveCfg = Release|Any CPU
		{65290EA3-4751-4EEB-B43E-7E220BC82B60}.Release|x86.Build.0 = Release|Any CPU
		{C6F5FFD5-0F5B-4D27-A213-94A14ED6DA6F}.Debug|Any CPU.ActiveCfg = Debug|Any CPU
		{C6F5FFD5-0F5B-4D27-A213-94A14ED6DA6F}.Debug|Any CPU.Build.0 = Debug|Any CPU
		{C6F5FFD5-0F5B-4D27-A213-94A14ED6DA6F}.Debug|x64.ActiveCfg = Debug|Any CPU
		{C6F5FFD5-0F5B-4D27-A213-94A14ED6DA6F}.Debug|x64.Build.0 = Debug|Any CPU
		{C6F5FFD5-0F5B-4D27-A213-94A14ED6DA6F}.Debug|x86.ActiveCfg = Debug|Any CPU
		{C6F5FFD5-0F5B-4D27-A213-94A14ED6DA6F}.Debug|x86.Build.0 = Debug|Any CPU
		{C6F5FFD5-0F5B-4D27-A213-94A14ED6DA6F}.Release|Any CPU.ActiveCfg = Release|Any CPU
		{C6F5FFD5-0F5B-4D27-A213-94A14ED6DA6F}.Release|Any CPU.Build.0 = Release|Any CPU
		{C6F5FFD5-0F5B-4D27-A213-94A14ED6DA6F}.Release|x64.ActiveCfg = Release|Any CPU
		{C6F5FFD5-0F5B-4D27-A213-94A14ED6DA6F}.Release|x64.Build.0 = Release|Any CPU
		{C6F5FFD5-0F5B-4D27-A213-94A14ED6DA6F}.Release|x86.ActiveCfg = Release|Any CPU
		{C6F5FFD5-0F5B-4D27-A213-94A14ED6DA6F}.Release|x86.Build.0 = Release|Any CPU
		{6F616909-EAAD-4481-8956-1CA771C15723}.Debug|Any CPU.ActiveCfg = Debug|Any CPU
		{6F616909-EAAD-4481-8956-1CA771C15723}.Debug|Any CPU.Build.0 = Debug|Any CPU
		{6F616909-EAAD-4481-8956-1CA771C15723}.Debug|x64.ActiveCfg = Debug|Any CPU
		{6F616909-EAAD-4481-8956-1CA771C15723}.Debug|x64.Build.0 = Debug|Any CPU
		{6F616909-EAAD-4481-8956-1CA771C15723}.Debug|x86.ActiveCfg = Debug|Any CPU
		{6F616909-EAAD-4481-8956-1CA771C15723}.Debug|x86.Build.0 = Debug|Any CPU
		{6F616909-EAAD-4481-8956-1CA771C15723}.Release|Any CPU.ActiveCfg = Release|Any CPU
		{6F616909-EAAD-4481-8956-1CA771C15723}.Release|Any CPU.Build.0 = Release|Any CPU
		{6F616909-EAAD-4481-8956-1CA771C15723}.Release|x64.ActiveCfg = Release|Any CPU
		{6F616909-EAAD-4481-8956-1CA771C15723}.Release|x64.Build.0 = Release|Any CPU
		{6F616909-EAAD-4481-8956-1CA771C15723}.Release|x86.ActiveCfg = Release|Any CPU
		{6F616909-EAAD-4481-8956-1CA771C15723}.Release|x86.Build.0 = Release|Any CPU
		{C0918466-A5AD-48F5-9C36-CA7D21FA0990}.Debug|Any CPU.ActiveCfg = Debug|Any CPU
		{C0918466-A5AD-48F5-9C36-CA7D21FA0990}.Debug|Any CPU.Build.0 = Debug|Any CPU
		{C0918466-A5AD-48F5-9C36-CA7D21FA0990}.Debug|x64.ActiveCfg = Debug|Any CPU
		{C0918466-A5AD-48F5-9C36-CA7D21FA0990}.Debug|x64.Build.0 = Debug|Any CPU
		{C0918466-A5AD-48F5-9C36-CA7D21FA0990}.Debug|x86.ActiveCfg = Debug|Any CPU
		{C0918466-A5AD-48F5-9C36-CA7D21FA0990}.Debug|x86.Build.0 = Debug|Any CPU
		{C0918466-A5AD-48F5-9C36-CA7D21FA0990}.Release|Any CPU.ActiveCfg = Release|Any CPU
		{C0918466-A5AD-48F5-9C36-CA7D21FA0990}.Release|Any CPU.Build.0 = Release|Any CPU
		{C0918466-A5AD-48F5-9C36-CA7D21FA0990}.Release|x64.ActiveCfg = Release|Any CPU
		{C0918466-A5AD-48F5-9C36-CA7D21FA0990}.Release|x64.Build.0 = Release|Any CPU
		{C0918466-A5AD-48F5-9C36-CA7D21FA0990}.Release|x86.ActiveCfg = Release|Any CPU
		{C0918466-A5AD-48F5-9C36-CA7D21FA0990}.Release|x86.Build.0 = Release|Any CPU
		{CD5BAC2E-D493-4163-8550-AF5C5C508F62}.Debug|Any CPU.ActiveCfg = Debug|Any CPU
		{CD5BAC2E-D493-4163-8550-AF5C5C508F62}.Debug|Any CPU.Build.0 = Debug|Any CPU
		{CD5BAC2E-D493-4163-8550-AF5C5C508F62}.Debug|x64.ActiveCfg = Debug|Any CPU
		{CD5BAC2E-D493-4163-8550-AF5C5C508F62}.Debug|x64.Build.0 = Debug|Any CPU
		{CD5BAC2E-D493-4163-8550-AF5C5C508F62}.Debug|x86.ActiveCfg = Debug|Any CPU
		{CD5BAC2E-D493-4163-8550-AF5C5C508F62}.Debug|x86.Build.0 = Debug|Any CPU
		{CD5BAC2E-D493-4163-8550-AF5C5C508F62}.Release|Any CPU.ActiveCfg = Release|Any CPU
		{CD5BAC2E-D493-4163-8550-AF5C5C508F62}.Release|Any CPU.Build.0 = Release|Any CPU
		{CD5BAC2E-D493-4163-8550-AF5C5C508F62}.Release|x64.ActiveCfg = Release|Any CPU
		{CD5BAC2E-D493-4163-8550-AF5C5C508F62}.Release|x64.Build.0 = Release|Any CPU
		{CD5BAC2E-D493-4163-8550-AF5C5C508F62}.Release|x86.ActiveCfg = Release|Any CPU
		{CD5BAC2E-D493-4163-8550-AF5C5C508F62}.Release|x86.Build.0 = Release|Any CPU
		{B9A3A487-7CD2-4112-9C6A-A466B7309DB7}.Debug|Any CPU.ActiveCfg = Debug|Any CPU
		{B9A3A487-7CD2-4112-9C6A-A466B7309DB7}.Debug|Any CPU.Build.0 = Debug|Any CPU
		{B9A3A487-7CD2-4112-9C6A-A466B7309DB7}.Debug|x64.ActiveCfg = Debug|Any CPU
		{B9A3A487-7CD2-4112-9C6A-A466B7309DB7}.Debug|x64.Build.0 = Debug|Any CPU
		{B9A3A487-7CD2-4112-9C6A-A466B7309DB7}.Debug|x86.ActiveCfg = Debug|Any CPU
		{B9A3A487-7CD2-4112-9C6A-A466B7309DB7}.Debug|x86.Build.0 = Debug|Any CPU
		{B9A3A487-7CD2-4112-9C6A-A466B7309DB7}.Release|Any CPU.ActiveCfg = Release|Any CPU
		{B9A3A487-7CD2-4112-9C6A-A466B7309DB7}.Release|Any CPU.Build.0 = Release|Any CPU
		{B9A3A487-7CD2-4112-9C6A-A466B7309DB7}.Release|x64.ActiveCfg = Release|Any CPU
		{B9A3A487-7CD2-4112-9C6A-A466B7309DB7}.Release|x64.Build.0 = Release|Any CPU
		{B9A3A487-7CD2-4112-9C6A-A466B7309DB7}.Release|x86.ActiveCfg = Release|Any CPU
		{B9A3A487-7CD2-4112-9C6A-A466B7309DB7}.Release|x86.Build.0 = Release|Any CPU
		{0E560A82-A92F-4C11-85CF-06BC0573A872}.Debug|Any CPU.ActiveCfg = Debug|Any CPU
		{0E560A82-A92F-4C11-85CF-06BC0573A872}.Debug|Any CPU.Build.0 = Debug|Any CPU
		{0E560A82-A92F-4C11-85CF-06BC0573A872}.Debug|x64.ActiveCfg = Debug|Any CPU
		{0E560A82-A92F-4C11-85CF-06BC0573A872}.Debug|x64.Build.0 = Debug|Any CPU
		{0E560A82-A92F-4C11-85CF-06BC0573A872}.Debug|x86.ActiveCfg = Debug|Any CPU
		{0E560A82-A92F-4C11-85CF-06BC0573A872}.Debug|x86.Build.0 = Debug|Any CPU
		{0E560A82-A92F-4C11-85CF-06BC0573A872}.Release|Any CPU.ActiveCfg = Release|Any CPU
		{0E560A82-A92F-4C11-85CF-06BC0573A872}.Release|Any CPU.Build.0 = Release|Any CPU
		{0E560A82-A92F-4C11-85CF-06BC0573A872}.Release|x64.ActiveCfg = Release|Any CPU
		{0E560A82-A92F-4C11-85CF-06BC0573A872}.Release|x64.Build.0 = Release|Any CPU
		{0E560A82-A92F-4C11-85CF-06BC0573A872}.Release|x86.ActiveCfg = Release|Any CPU
		{0E560A82-A92F-4C11-85CF-06BC0573A872}.Release|x86.Build.0 = Release|Any CPU
		{787036D6-8D2B-4163-ADCD-E4233294D553}.Debug|Any CPU.ActiveCfg = Debug|Any CPU
		{787036D6-8D2B-4163-ADCD-E4233294D553}.Debug|Any CPU.Build.0 = Debug|Any CPU
		{787036D6-8D2B-4163-ADCD-E4233294D553}.Debug|x64.ActiveCfg = Debug|Any CPU
		{787036D6-8D2B-4163-ADCD-E4233294D553}.Debug|x64.Build.0 = Debug|Any CPU
		{787036D6-8D2B-4163-ADCD-E4233294D553}.Debug|x86.ActiveCfg = Debug|Any CPU
		{787036D6-8D2B-4163-ADCD-E4233294D553}.Debug|x86.Build.0 = Debug|Any CPU
		{787036D6-8D2B-4163-ADCD-E4233294D553}.Release|Any CPU.ActiveCfg = Release|Any CPU
		{787036D6-8D2B-4163-ADCD-E4233294D553}.Release|Any CPU.Build.0 = Release|Any CPU
		{787036D6-8D2B-4163-ADCD-E4233294D553}.Release|x64.ActiveCfg = Release|Any CPU
		{787036D6-8D2B-4163-ADCD-E4233294D553}.Release|x64.Build.0 = Release|Any CPU
		{787036D6-8D2B-4163-ADCD-E4233294D553}.Release|x86.ActiveCfg = Release|Any CPU
		{787036D6-8D2B-4163-ADCD-E4233294D553}.Release|x86.Build.0 = Release|Any CPU
		{DC957630-97CC-482C-9F4F-B60CBF05C751}.Debug|Any CPU.ActiveCfg = Debug|Any CPU
		{DC957630-97CC-482C-9F4F-B60CBF05C751}.Debug|Any CPU.Build.0 = Debug|Any CPU
		{DC957630-97CC-482C-9F4F-B60CBF05C751}.Debug|x64.ActiveCfg = Debug|Any CPU
		{DC957630-97CC-482C-9F4F-B60CBF05C751}.Debug|x64.Build.0 = Debug|Any CPU
		{DC957630-97CC-482C-9F4F-B60CBF05C751}.Debug|x86.ActiveCfg = Debug|Any CPU
		{DC957630-97CC-482C-9F4F-B60CBF05C751}.Debug|x86.Build.0 = Debug|Any CPU
		{DC957630-97CC-482C-9F4F-B60CBF05C751}.Release|Any CPU.ActiveCfg = Release|Any CPU
		{DC957630-97CC-482C-9F4F-B60CBF05C751}.Release|Any CPU.Build.0 = Release|Any CPU
		{DC957630-97CC-482C-9F4F-B60CBF05C751}.Release|x64.ActiveCfg = Release|Any CPU
		{DC957630-97CC-482C-9F4F-B60CBF05C751}.Release|x64.Build.0 = Release|Any CPU
		{DC957630-97CC-482C-9F4F-B60CBF05C751}.Release|x86.ActiveCfg = Release|Any CPU
		{DC957630-97CC-482C-9F4F-B60CBF05C751}.Release|x86.Build.0 = Release|Any CPU
		{81B62743-C683-48F7-8DC3-19AA9F778460}.Debug|Any CPU.ActiveCfg = Debug|Any CPU
		{81B62743-C683-48F7-8DC3-19AA9F778460}.Debug|Any CPU.Build.0 = Debug|Any CPU
		{81B62743-C683-48F7-8DC3-19AA9F778460}.Debug|x64.ActiveCfg = Debug|Any CPU
		{81B62743-C683-48F7-8DC3-19AA9F778460}.Debug|x64.Build.0 = Debug|Any CPU
		{81B62743-C683-48F7-8DC3-19AA9F778460}.Debug|x86.ActiveCfg = Debug|Any CPU
		{81B62743-C683-48F7-8DC3-19AA9F778460}.Debug|x86.Build.0 = Debug|Any CPU
		{81B62743-C683-48F7-8DC3-19AA9F778460}.Release|Any CPU.ActiveCfg = Release|Any CPU
		{81B62743-C683-48F7-8DC3-19AA9F778460}.Release|Any CPU.Build.0 = Release|Any CPU
		{81B62743-C683-48F7-8DC3-19AA9F778460}.Release|x64.ActiveCfg = Release|Any CPU
		{81B62743-C683-48F7-8DC3-19AA9F778460}.Release|x64.Build.0 = Release|Any CPU
		{81B62743-C683-48F7-8DC3-19AA9F778460}.Release|x86.ActiveCfg = Release|Any CPU
		{81B62743-C683-48F7-8DC3-19AA9F778460}.Release|x86.Build.0 = Release|Any CPU
		{96AF7748-6D90-443D-834F-6F3DEEA64694}.Debug|Any CPU.ActiveCfg = Debug|Any CPU
		{96AF7748-6D90-443D-834F-6F3DEEA64694}.Debug|Any CPU.Build.0 = Debug|Any CPU
		{96AF7748-6D90-443D-834F-6F3DEEA64694}.Debug|x64.ActiveCfg = Debug|Any CPU
		{96AF7748-6D90-443D-834F-6F3DEEA64694}.Debug|x64.Build.0 = Debug|Any CPU
		{96AF7748-6D90-443D-834F-6F3DEEA64694}.Debug|x86.ActiveCfg = Debug|Any CPU
		{96AF7748-6D90-443D-834F-6F3DEEA64694}.Debug|x86.Build.0 = Debug|Any CPU
		{96AF7748-6D90-443D-834F-6F3DEEA64694}.Release|Any CPU.ActiveCfg = Release|Any CPU
		{96AF7748-6D90-443D-834F-6F3DEEA64694}.Release|Any CPU.Build.0 = Release|Any CPU
		{96AF7748-6D90-443D-834F-6F3DEEA64694}.Release|x64.ActiveCfg = Release|Any CPU
		{96AF7748-6D90-443D-834F-6F3DEEA64694}.Release|x64.Build.0 = Release|Any CPU
		{96AF7748-6D90-443D-834F-6F3DEEA64694}.Release|x86.ActiveCfg = Release|Any CPU
		{96AF7748-6D90-443D-834F-6F3DEEA64694}.Release|x86.Build.0 = Release|Any CPU
		{8CB65DED-C083-41D9-A26C-4ECBB2C5043E}.Debug|Any CPU.ActiveCfg = Debug|Any CPU
		{8CB65DED-C083-41D9-A26C-4ECBB2C5043E}.Debug|Any CPU.Build.0 = Debug|Any CPU
		{8CB65DED-C083-41D9-A26C-4ECBB2C5043E}.Debug|x64.ActiveCfg = Debug|Any CPU
		{8CB65DED-C083-41D9-A26C-4ECBB2C5043E}.Debug|x64.Build.0 = Debug|Any CPU
		{8CB65DED-C083-41D9-A26C-4ECBB2C5043E}.Debug|x86.ActiveCfg = Debug|Any CPU
		{8CB65DED-C083-41D9-A26C-4ECBB2C5043E}.Debug|x86.Build.0 = Debug|Any CPU
		{8CB65DED-C083-41D9-A26C-4ECBB2C5043E}.Release|Any CPU.ActiveCfg = Release|Any CPU
		{8CB65DED-C083-41D9-A26C-4ECBB2C5043E}.Release|Any CPU.Build.0 = Release|Any CPU
		{8CB65DED-C083-41D9-A26C-4ECBB2C5043E}.Release|x64.ActiveCfg = Release|Any CPU
		{8CB65DED-C083-41D9-A26C-4ECBB2C5043E}.Release|x64.Build.0 = Release|Any CPU
		{8CB65DED-C083-41D9-A26C-4ECBB2C5043E}.Release|x86.ActiveCfg = Release|Any CPU
		{8CB65DED-C083-41D9-A26C-4ECBB2C5043E}.Release|x86.Build.0 = Release|Any CPU
		{7AB22521-D20B-42C2-BB35-FF40A8E76E55}.Debug|Any CPU.ActiveCfg = Debug|Any CPU
		{7AB22521-D20B-42C2-BB35-FF40A8E76E55}.Debug|Any CPU.Build.0 = Debug|Any CPU
		{7AB22521-D20B-42C2-BB35-FF40A8E76E55}.Debug|x64.ActiveCfg = Debug|Any CPU
		{7AB22521-D20B-42C2-BB35-FF40A8E76E55}.Debug|x64.Build.0 = Debug|Any CPU
		{7AB22521-D20B-42C2-BB35-FF40A8E76E55}.Debug|x86.ActiveCfg = Debug|Any CPU
		{7AB22521-D20B-42C2-BB35-FF40A8E76E55}.Debug|x86.Build.0 = Debug|Any CPU
		{7AB22521-D20B-42C2-BB35-FF40A8E76E55}.Release|Any CPU.ActiveCfg = Release|Any CPU
		{7AB22521-D20B-42C2-BB35-FF40A8E76E55}.Release|Any CPU.Build.0 = Release|Any CPU
		{7AB22521-D20B-42C2-BB35-FF40A8E76E55}.Release|x64.ActiveCfg = Release|Any CPU
		{7AB22521-D20B-42C2-BB35-FF40A8E76E55}.Release|x64.Build.0 = Release|Any CPU
		{7AB22521-D20B-42C2-BB35-FF40A8E76E55}.Release|x86.ActiveCfg = Release|Any CPU
		{7AB22521-D20B-42C2-BB35-FF40A8E76E55}.Release|x86.Build.0 = Release|Any CPU
		{EBBC32A0-3B12-4A8B-95EA-8EE3A54D2D0D}.Debug|Any CPU.ActiveCfg = Debug|Any CPU
		{EBBC32A0-3B12-4A8B-95EA-8EE3A54D2D0D}.Debug|Any CPU.Build.0 = Debug|Any CPU
		{EBBC32A0-3B12-4A8B-95EA-8EE3A54D2D0D}.Debug|x64.ActiveCfg = Debug|Any CPU
		{EBBC32A0-3B12-4A8B-95EA-8EE3A54D2D0D}.Debug|x64.Build.0 = Debug|Any CPU
		{EBBC32A0-3B12-4A8B-95EA-8EE3A54D2D0D}.Debug|x86.ActiveCfg = Debug|Any CPU
		{EBBC32A0-3B12-4A8B-95EA-8EE3A54D2D0D}.Debug|x86.Build.0 = Debug|Any CPU
		{EBBC32A0-3B12-4A8B-95EA-8EE3A54D2D0D}.Release|Any CPU.ActiveCfg = Release|Any CPU
		{EBBC32A0-3B12-4A8B-95EA-8EE3A54D2D0D}.Release|Any CPU.Build.0 = Release|Any CPU
		{EBBC32A0-3B12-4A8B-95EA-8EE3A54D2D0D}.Release|x64.ActiveCfg = Release|Any CPU
		{EBBC32A0-3B12-4A8B-95EA-8EE3A54D2D0D}.Release|x64.Build.0 = Release|Any CPU
		{EBBC32A0-3B12-4A8B-95EA-8EE3A54D2D0D}.Release|x86.ActiveCfg = Release|Any CPU
		{EBBC32A0-3B12-4A8B-95EA-8EE3A54D2D0D}.Release|x86.Build.0 = Release|Any CPU
		{2B18AC24-698E-4475-95AB-394016B38EDC}.Debug|Any CPU.ActiveCfg = Debug|Any CPU
		{2B18AC24-698E-4475-95AB-394016B38EDC}.Debug|Any CPU.Build.0 = Debug|Any CPU
		{2B18AC24-698E-4475-95AB-394016B38EDC}.Debug|x64.ActiveCfg = Debug|Any CPU
		{2B18AC24-698E-4475-95AB-394016B38EDC}.Debug|x64.Build.0 = Debug|Any CPU
		{2B18AC24-698E-4475-95AB-394016B38EDC}.Debug|x86.ActiveCfg = Debug|Any CPU
		{2B18AC24-698E-4475-95AB-394016B38EDC}.Debug|x86.Build.0 = Debug|Any CPU
		{2B18AC24-698E-4475-95AB-394016B38EDC}.Release|Any CPU.ActiveCfg = Release|Any CPU
		{2B18AC24-698E-4475-95AB-394016B38EDC}.Release|Any CPU.Build.0 = Release|Any CPU
		{2B18AC24-698E-4475-95AB-394016B38EDC}.Release|x64.ActiveCfg = Release|Any CPU
		{2B18AC24-698E-4475-95AB-394016B38EDC}.Release|x64.Build.0 = Release|Any CPU
		{2B18AC24-698E-4475-95AB-394016B38EDC}.Release|x86.ActiveCfg = Release|Any CPU
		{2B18AC24-698E-4475-95AB-394016B38EDC}.Release|x86.Build.0 = Release|Any CPU
		{A8CAA4FE-A4B1-4883-9E1A-A0A7D3FA03C2}.Debug|Any CPU.ActiveCfg = Debug|Any CPU
		{A8CAA4FE-A4B1-4883-9E1A-A0A7D3FA03C2}.Debug|Any CPU.Build.0 = Debug|Any CPU
		{A8CAA4FE-A4B1-4883-9E1A-A0A7D3FA03C2}.Debug|x64.ActiveCfg = Debug|Any CPU
		{A8CAA4FE-A4B1-4883-9E1A-A0A7D3FA03C2}.Debug|x64.Build.0 = Debug|Any CPU
		{A8CAA4FE-A4B1-4883-9E1A-A0A7D3FA03C2}.Debug|x86.ActiveCfg = Debug|Any CPU
		{A8CAA4FE-A4B1-4883-9E1A-A0A7D3FA03C2}.Debug|x86.Build.0 = Debug|Any CPU
		{A8CAA4FE-A4B1-4883-9E1A-A0A7D3FA03C2}.Release|Any CPU.ActiveCfg = Release|Any CPU
		{A8CAA4FE-A4B1-4883-9E1A-A0A7D3FA03C2}.Release|Any CPU.Build.0 = Release|Any CPU
		{A8CAA4FE-A4B1-4883-9E1A-A0A7D3FA03C2}.Release|x64.ActiveCfg = Release|Any CPU
		{A8CAA4FE-A4B1-4883-9E1A-A0A7D3FA03C2}.Release|x64.Build.0 = Release|Any CPU
		{A8CAA4FE-A4B1-4883-9E1A-A0A7D3FA03C2}.Release|x86.ActiveCfg = Release|Any CPU
		{A8CAA4FE-A4B1-4883-9E1A-A0A7D3FA03C2}.Release|x86.Build.0 = Release|Any CPU
		{E2D5C1A8-F04A-4CB6-BCF4-3D81AA1FE29D}.Debug|Any CPU.ActiveCfg = Debug|Any CPU
		{E2D5C1A8-F04A-4CB6-BCF4-3D81AA1FE29D}.Debug|Any CPU.Build.0 = Debug|Any CPU
		{E2D5C1A8-F04A-4CB6-BCF4-3D81AA1FE29D}.Debug|x64.ActiveCfg = Debug|Any CPU
		{E2D5C1A8-F04A-4CB6-BCF4-3D81AA1FE29D}.Debug|x64.Build.0 = Debug|Any CPU
		{E2D5C1A8-F04A-4CB6-BCF4-3D81AA1FE29D}.Debug|x86.ActiveCfg = Debug|Any CPU
		{E2D5C1A8-F04A-4CB6-BCF4-3D81AA1FE29D}.Debug|x86.Build.0 = Debug|Any CPU
		{E2D5C1A8-F04A-4CB6-BCF4-3D81AA1FE29D}.Release|Any CPU.ActiveCfg = Release|Any CPU
		{E2D5C1A8-F04A-4CB6-BCF4-3D81AA1FE29D}.Release|Any CPU.Build.0 = Release|Any CPU
		{E2D5C1A8-F04A-4CB6-BCF4-3D81AA1FE29D}.Release|x64.ActiveCfg = Release|Any CPU
		{E2D5C1A8-F04A-4CB6-BCF4-3D81AA1FE29D}.Release|x64.Build.0 = Release|Any CPU
		{E2D5C1A8-F04A-4CB6-BCF4-3D81AA1FE29D}.Release|x86.ActiveCfg = Release|Any CPU
		{E2D5C1A8-F04A-4CB6-BCF4-3D81AA1FE29D}.Release|x86.Build.0 = Release|Any CPU
		{8AE7B912-61A8-4453-A98B-FBD4AD49E9F0}.Debug|Any CPU.ActiveCfg = Debug|Any CPU
		{8AE7B912-61A8-4453-A98B-FBD4AD49E9F0}.Debug|Any CPU.Build.0 = Debug|Any CPU
		{8AE7B912-61A8-4453-A98B-FBD4AD49E9F0}.Debug|x64.ActiveCfg = Debug|Any CPU
		{8AE7B912-61A8-4453-A98B-FBD4AD49E9F0}.Debug|x64.Build.0 = Debug|Any CPU
		{8AE7B912-61A8-4453-A98B-FBD4AD49E9F0}.Debug|x86.ActiveCfg = Debug|Any CPU
		{8AE7B912-61A8-4453-A98B-FBD4AD49E9F0}.Debug|x86.Build.0 = Debug|Any CPU
		{8AE7B912-61A8-4453-A98B-FBD4AD49E9F0}.Release|Any CPU.ActiveCfg = Release|Any CPU
		{8AE7B912-61A8-4453-A98B-FBD4AD49E9F0}.Release|Any CPU.Build.0 = Release|Any CPU
		{8AE7B912-61A8-4453-A98B-FBD4AD49E9F0}.Release|x64.ActiveCfg = Release|Any CPU
		{8AE7B912-61A8-4453-A98B-FBD4AD49E9F0}.Release|x64.Build.0 = Release|Any CPU
		{8AE7B912-61A8-4453-A98B-FBD4AD49E9F0}.Release|x86.ActiveCfg = Release|Any CPU
		{8AE7B912-61A8-4453-A98B-FBD4AD49E9F0}.Release|x86.Build.0 = Release|Any CPU
		{414A611C-75DB-4341-9EB7-19786D67D1D5}.Debug|Any CPU.ActiveCfg = Debug|Any CPU
		{414A611C-75DB-4341-9EB7-19786D67D1D5}.Debug|Any CPU.Build.0 = Debug|Any CPU
		{414A611C-75DB-4341-9EB7-19786D67D1D5}.Debug|x64.ActiveCfg = Debug|Any CPU
		{414A611C-75DB-4341-9EB7-19786D67D1D5}.Debug|x64.Build.0 = Debug|Any CPU
		{414A611C-75DB-4341-9EB7-19786D67D1D5}.Debug|x86.ActiveCfg = Debug|Any CPU
		{414A611C-75DB-4341-9EB7-19786D67D1D5}.Debug|x86.Build.0 = Debug|Any CPU
		{414A611C-75DB-4341-9EB7-19786D67D1D5}.Release|Any CPU.ActiveCfg = Release|Any CPU
		{414A611C-75DB-4341-9EB7-19786D67D1D5}.Release|Any CPU.Build.0 = Release|Any CPU
		{414A611C-75DB-4341-9EB7-19786D67D1D5}.Release|x64.ActiveCfg = Release|Any CPU
		{414A611C-75DB-4341-9EB7-19786D67D1D5}.Release|x64.Build.0 = Release|Any CPU
		{414A611C-75DB-4341-9EB7-19786D67D1D5}.Release|x86.ActiveCfg = Release|Any CPU
		{414A611C-75DB-4341-9EB7-19786D67D1D5}.Release|x86.Build.0 = Release|Any CPU
		{BC9E6A97-9AE6-4067-9479-104929B86A9F}.Debug|Any CPU.ActiveCfg = Debug|Any CPU
		{BC9E6A97-9AE6-4067-9479-104929B86A9F}.Debug|Any CPU.Build.0 = Debug|Any CPU
		{BC9E6A97-9AE6-4067-9479-104929B86A9F}.Debug|x64.ActiveCfg = Debug|Any CPU
		{BC9E6A97-9AE6-4067-9479-104929B86A9F}.Debug|x64.Build.0 = Debug|Any CPU
		{BC9E6A97-9AE6-4067-9479-104929B86A9F}.Debug|x86.ActiveCfg = Debug|Any CPU
		{BC9E6A97-9AE6-4067-9479-104929B86A9F}.Debug|x86.Build.0 = Debug|Any CPU
		{BC9E6A97-9AE6-4067-9479-104929B86A9F}.Release|Any CPU.ActiveCfg = Release|Any CPU
		{BC9E6A97-9AE6-4067-9479-104929B86A9F}.Release|Any CPU.Build.0 = Release|Any CPU
		{BC9E6A97-9AE6-4067-9479-104929B86A9F}.Release|x64.ActiveCfg = Release|Any CPU
		{BC9E6A97-9AE6-4067-9479-104929B86A9F}.Release|x64.Build.0 = Release|Any CPU
		{BC9E6A97-9AE6-4067-9479-104929B86A9F}.Release|x86.ActiveCfg = Release|Any CPU
		{BC9E6A97-9AE6-4067-9479-104929B86A9F}.Release|x86.Build.0 = Release|Any CPU
		{F06F031D-4300-4441-BF5F-3A1FFAA5E5C3}.Debug|Any CPU.ActiveCfg = Debug|Any CPU
		{F06F031D-4300-4441-BF5F-3A1FFAA5E5C3}.Debug|Any CPU.Build.0 = Debug|Any CPU
		{F06F031D-4300-4441-BF5F-3A1FFAA5E5C3}.Debug|x64.ActiveCfg = Debug|Any CPU
		{F06F031D-4300-4441-BF5F-3A1FFAA5E5C3}.Debug|x64.Build.0 = Debug|Any CPU
		{F06F031D-4300-4441-BF5F-3A1FFAA5E5C3}.Debug|x86.ActiveCfg = Debug|Any CPU
		{F06F031D-4300-4441-BF5F-3A1FFAA5E5C3}.Debug|x86.Build.0 = Debug|Any CPU
		{F06F031D-4300-4441-BF5F-3A1FFAA5E5C3}.Release|Any CPU.ActiveCfg = Release|Any CPU
		{F06F031D-4300-4441-BF5F-3A1FFAA5E5C3}.Release|Any CPU.Build.0 = Release|Any CPU
		{F06F031D-4300-4441-BF5F-3A1FFAA5E5C3}.Release|x64.ActiveCfg = Release|Any CPU
		{F06F031D-4300-4441-BF5F-3A1FFAA5E5C3}.Release|x64.Build.0 = Release|Any CPU
		{F06F031D-4300-4441-BF5F-3A1FFAA5E5C3}.Release|x86.ActiveCfg = Release|Any CPU
		{F06F031D-4300-4441-BF5F-3A1FFAA5E5C3}.Release|x86.Build.0 = Release|Any CPU
		{B61C591A-1EC4-4478-91CF-5DE1CD402C4E}.Debug|Any CPU.ActiveCfg = Debug|Any CPU
		{B61C591A-1EC4-4478-91CF-5DE1CD402C4E}.Debug|Any CPU.Build.0 = Debug|Any CPU
		{B61C591A-1EC4-4478-91CF-5DE1CD402C4E}.Debug|x64.ActiveCfg = Debug|Any CPU
		{B61C591A-1EC4-4478-91CF-5DE1CD402C4E}.Debug|x64.Build.0 = Debug|Any CPU
		{B61C591A-1EC4-4478-91CF-5DE1CD402C4E}.Debug|x86.ActiveCfg = Debug|Any CPU
		{B61C591A-1EC4-4478-91CF-5DE1CD402C4E}.Debug|x86.Build.0 = Debug|Any CPU
		{B61C591A-1EC4-4478-91CF-5DE1CD402C4E}.Release|Any CPU.ActiveCfg = Release|Any CPU
		{B61C591A-1EC4-4478-91CF-5DE1CD402C4E}.Release|Any CPU.Build.0 = Release|Any CPU
		{B61C591A-1EC4-4478-91CF-5DE1CD402C4E}.Release|x64.ActiveCfg = Release|Any CPU
		{B61C591A-1EC4-4478-91CF-5DE1CD402C4E}.Release|x64.Build.0 = Release|Any CPU
		{B61C591A-1EC4-4478-91CF-5DE1CD402C4E}.Release|x86.ActiveCfg = Release|Any CPU
		{B61C591A-1EC4-4478-91CF-5DE1CD402C4E}.Release|x86.Build.0 = Release|Any CPU
		{86514E62-9EFE-446D-9BA6-00BB39317FB7}.Debug|Any CPU.ActiveCfg = Debug|Any CPU
		{86514E62-9EFE-446D-9BA6-00BB39317FB7}.Debug|Any CPU.Build.0 = Debug|Any CPU
		{86514E62-9EFE-446D-9BA6-00BB39317FB7}.Debug|x64.ActiveCfg = Debug|Any CPU
		{86514E62-9EFE-446D-9BA6-00BB39317FB7}.Debug|x64.Build.0 = Debug|Any CPU
		{86514E62-9EFE-446D-9BA6-00BB39317FB7}.Debug|x86.ActiveCfg = Debug|Any CPU
		{86514E62-9EFE-446D-9BA6-00BB39317FB7}.Debug|x86.Build.0 = Debug|Any CPU
		{86514E62-9EFE-446D-9BA6-00BB39317FB7}.Release|Any CPU.ActiveCfg = Release|Any CPU
		{86514E62-9EFE-446D-9BA6-00BB39317FB7}.Release|Any CPU.Build.0 = Release|Any CPU
		{86514E62-9EFE-446D-9BA6-00BB39317FB7}.Release|x64.ActiveCfg = Release|Any CPU
		{86514E62-9EFE-446D-9BA6-00BB39317FB7}.Release|x64.Build.0 = Release|Any CPU
		{86514E62-9EFE-446D-9BA6-00BB39317FB7}.Release|x86.ActiveCfg = Release|Any CPU
		{86514E62-9EFE-446D-9BA6-00BB39317FB7}.Release|x86.Build.0 = Release|Any CPU
		{852594C0-A27A-43E6-8CD4-C9C723E17E87}.Debug|Any CPU.ActiveCfg = Debug|Any CPU
		{852594C0-A27A-43E6-8CD4-C9C723E17E87}.Debug|Any CPU.Build.0 = Debug|Any CPU
		{852594C0-A27A-43E6-8CD4-C9C723E17E87}.Debug|x64.ActiveCfg = Debug|Any CPU
		{852594C0-A27A-43E6-8CD4-C9C723E17E87}.Debug|x64.Build.0 = Debug|Any CPU
		{852594C0-A27A-43E6-8CD4-C9C723E17E87}.Debug|x86.ActiveCfg = Debug|Any CPU
		{852594C0-A27A-43E6-8CD4-C9C723E17E87}.Debug|x86.Build.0 = Debug|Any CPU
		{852594C0-A27A-43E6-8CD4-C9C723E17E87}.Release|Any CPU.ActiveCfg = Release|Any CPU
		{852594C0-A27A-43E6-8CD4-C9C723E17E87}.Release|Any CPU.Build.0 = Release|Any CPU
		{852594C0-A27A-43E6-8CD4-C9C723E17E87}.Release|x64.ActiveCfg = Release|Any CPU
		{852594C0-A27A-43E6-8CD4-C9C723E17E87}.Release|x64.Build.0 = Release|Any CPU
		{852594C0-A27A-43E6-8CD4-C9C723E17E87}.Release|x86.ActiveCfg = Release|Any CPU
		{852594C0-A27A-43E6-8CD4-C9C723E17E87}.Release|x86.Build.0 = Release|Any CPU
		{7D55978B-4A9D-47D3-9D2E-5629C1726226}.Debug|Any CPU.ActiveCfg = Debug|Any CPU
		{7D55978B-4A9D-47D3-9D2E-5629C1726226}.Debug|Any CPU.Build.0 = Debug|Any CPU
		{7D55978B-4A9D-47D3-9D2E-5629C1726226}.Debug|x64.ActiveCfg = Debug|Any CPU
		{7D55978B-4A9D-47D3-9D2E-5629C1726226}.Debug|x64.Build.0 = Debug|Any CPU
		{7D55978B-4A9D-47D3-9D2E-5629C1726226}.Debug|x86.ActiveCfg = Debug|Any CPU
		{7D55978B-4A9D-47D3-9D2E-5629C1726226}.Debug|x86.Build.0 = Debug|Any CPU
		{7D55978B-4A9D-47D3-9D2E-5629C1726226}.Release|Any CPU.ActiveCfg = Release|Any CPU
		{7D55978B-4A9D-47D3-9D2E-5629C1726226}.Release|Any CPU.Build.0 = Release|Any CPU
		{7D55978B-4A9D-47D3-9D2E-5629C1726226}.Release|x64.ActiveCfg = Release|Any CPU
		{7D55978B-4A9D-47D3-9D2E-5629C1726226}.Release|x64.Build.0 = Release|Any CPU
		{7D55978B-4A9D-47D3-9D2E-5629C1726226}.Release|x86.ActiveCfg = Release|Any CPU
		{7D55978B-4A9D-47D3-9D2E-5629C1726226}.Release|x86.Build.0 = Release|Any CPU
		{2EF7A419-F136-4862-A396-31D99A21B406}.Debug|Any CPU.ActiveCfg = Debug|Any CPU
		{2EF7A419-F136-4862-A396-31D99A21B406}.Debug|Any CPU.Build.0 = Debug|Any CPU
		{2EF7A419-F136-4862-A396-31D99A21B406}.Debug|x64.ActiveCfg = Debug|Any CPU
		{2EF7A419-F136-4862-A396-31D99A21B406}.Debug|x64.Build.0 = Debug|Any CPU
		{2EF7A419-F136-4862-A396-31D99A21B406}.Debug|x86.ActiveCfg = Debug|Any CPU
		{2EF7A419-F136-4862-A396-31D99A21B406}.Debug|x86.Build.0 = Debug|Any CPU
		{2EF7A419-F136-4862-A396-31D99A21B406}.Release|Any CPU.ActiveCfg = Release|Any CPU
		{2EF7A419-F136-4862-A396-31D99A21B406}.Release|Any CPU.Build.0 = Release|Any CPU
		{2EF7A419-F136-4862-A396-31D99A21B406}.Release|x64.ActiveCfg = Release|Any CPU
		{2EF7A419-F136-4862-A396-31D99A21B406}.Release|x64.Build.0 = Release|Any CPU
		{2EF7A419-F136-4862-A396-31D99A21B406}.Release|x86.ActiveCfg = Release|Any CPU
		{2EF7A419-F136-4862-A396-31D99A21B406}.Release|x86.Build.0 = Release|Any CPU
		{72E0E2C6-2CE0-45F2-A7A2-D8A101294809}.Debug|Any CPU.ActiveCfg = Debug|Any CPU
		{72E0E2C6-2CE0-45F2-A7A2-D8A101294809}.Debug|Any CPU.Build.0 = Debug|Any CPU
		{72E0E2C6-2CE0-45F2-A7A2-D8A101294809}.Debug|x64.ActiveCfg = Debug|Any CPU
		{72E0E2C6-2CE0-45F2-A7A2-D8A101294809}.Debug|x64.Build.0 = Debug|Any CPU
		{72E0E2C6-2CE0-45F2-A7A2-D8A101294809}.Debug|x86.ActiveCfg = Debug|Any CPU
		{72E0E2C6-2CE0-45F2-A7A2-D8A101294809}.Debug|x86.Build.0 = Debug|Any CPU
		{72E0E2C6-2CE0-45F2-A7A2-D8A101294809}.Release|Any CPU.ActiveCfg = Release|Any CPU
		{72E0E2C6-2CE0-45F2-A7A2-D8A101294809}.Release|Any CPU.Build.0 = Release|Any CPU
		{72E0E2C6-2CE0-45F2-A7A2-D8A101294809}.Release|x64.ActiveCfg = Release|Any CPU
		{72E0E2C6-2CE0-45F2-A7A2-D8A101294809}.Release|x64.Build.0 = Release|Any CPU
		{72E0E2C6-2CE0-45F2-A7A2-D8A101294809}.Release|x86.ActiveCfg = Release|Any CPU
		{72E0E2C6-2CE0-45F2-A7A2-D8A101294809}.Release|x86.Build.0 = Release|Any CPU
		{E45E2A8B-497B-40BD-9F27-A1546725BBCA}.Debug|Any CPU.ActiveCfg = Debug|Any CPU
		{E45E2A8B-497B-40BD-9F27-A1546725BBCA}.Debug|Any CPU.Build.0 = Debug|Any CPU
		{E45E2A8B-497B-40BD-9F27-A1546725BBCA}.Debug|x64.ActiveCfg = Debug|Any CPU
		{E45E2A8B-497B-40BD-9F27-A1546725BBCA}.Debug|x64.Build.0 = Debug|Any CPU
		{E45E2A8B-497B-40BD-9F27-A1546725BBCA}.Debug|x86.ActiveCfg = Debug|Any CPU
		{E45E2A8B-497B-40BD-9F27-A1546725BBCA}.Debug|x86.Build.0 = Debug|Any CPU
		{E45E2A8B-497B-40BD-9F27-A1546725BBCA}.Release|Any CPU.ActiveCfg = Release|Any CPU
		{E45E2A8B-497B-40BD-9F27-A1546725BBCA}.Release|Any CPU.Build.0 = Release|Any CPU
		{E45E2A8B-497B-40BD-9F27-A1546725BBCA}.Release|x64.ActiveCfg = Release|Any CPU
		{E45E2A8B-497B-40BD-9F27-A1546725BBCA}.Release|x64.Build.0 = Release|Any CPU
		{E45E2A8B-497B-40BD-9F27-A1546725BBCA}.Release|x86.ActiveCfg = Release|Any CPU
		{E45E2A8B-497B-40BD-9F27-A1546725BBCA}.Release|x86.Build.0 = Release|Any CPU
		{990AC424-A584-4E3E-A517-624B59200240}.Debug|Any CPU.ActiveCfg = Debug|Any CPU
		{990AC424-A584-4E3E-A517-624B59200240}.Debug|Any CPU.Build.0 = Debug|Any CPU
		{990AC424-A584-4E3E-A517-624B59200240}.Debug|x64.ActiveCfg = Debug|Any CPU
		{990AC424-A584-4E3E-A517-624B59200240}.Debug|x64.Build.0 = Debug|Any CPU
		{990AC424-A584-4E3E-A517-624B59200240}.Debug|x86.ActiveCfg = Debug|Any CPU
		{990AC424-A584-4E3E-A517-624B59200240}.Debug|x86.Build.0 = Debug|Any CPU
		{990AC424-A584-4E3E-A517-624B59200240}.Release|Any CPU.ActiveCfg = Release|Any CPU
		{990AC424-A584-4E3E-A517-624B59200240}.Release|Any CPU.Build.0 = Release|Any CPU
		{990AC424-A584-4E3E-A517-624B59200240}.Release|x64.ActiveCfg = Release|Any CPU
		{990AC424-A584-4E3E-A517-624B59200240}.Release|x64.Build.0 = Release|Any CPU
		{990AC424-A584-4E3E-A517-624B59200240}.Release|x86.ActiveCfg = Release|Any CPU
		{990AC424-A584-4E3E-A517-624B59200240}.Release|x86.Build.0 = Release|Any CPU
		{53BF7678-B26C-42B6-837E-5E6A10D5DAD4}.Debug|Any CPU.ActiveCfg = Debug|Any CPU
		{53BF7678-B26C-42B6-837E-5E6A10D5DAD4}.Debug|Any CPU.Build.0 = Debug|Any CPU
		{53BF7678-B26C-42B6-837E-5E6A10D5DAD4}.Debug|x64.ActiveCfg = Debug|Any CPU
		{53BF7678-B26C-42B6-837E-5E6A10D5DAD4}.Debug|x64.Build.0 = Debug|Any CPU
		{53BF7678-B26C-42B6-837E-5E6A10D5DAD4}.Debug|x86.ActiveCfg = Debug|Any CPU
		{53BF7678-B26C-42B6-837E-5E6A10D5DAD4}.Debug|x86.Build.0 = Debug|Any CPU
		{53BF7678-B26C-42B6-837E-5E6A10D5DAD4}.Release|Any CPU.ActiveCfg = Release|Any CPU
		{53BF7678-B26C-42B6-837E-5E6A10D5DAD4}.Release|Any CPU.Build.0 = Release|Any CPU
		{53BF7678-B26C-42B6-837E-5E6A10D5DAD4}.Release|x64.ActiveCfg = Release|Any CPU
		{53BF7678-B26C-42B6-837E-5E6A10D5DAD4}.Release|x64.Build.0 = Release|Any CPU
		{53BF7678-B26C-42B6-837E-5E6A10D5DAD4}.Release|x86.ActiveCfg = Release|Any CPU
		{53BF7678-B26C-42B6-837E-5E6A10D5DAD4}.Release|x86.Build.0 = Release|Any CPU
		{19189387-D9D3-48F5-B96A-46DB51582A69}.Debug|Any CPU.ActiveCfg = Debug|Any CPU
		{19189387-D9D3-48F5-B96A-46DB51582A69}.Debug|Any CPU.Build.0 = Debug|Any CPU
		{19189387-D9D3-48F5-B96A-46DB51582A69}.Debug|x64.ActiveCfg = Debug|Any CPU
		{19189387-D9D3-48F5-B96A-46DB51582A69}.Debug|x64.Build.0 = Debug|Any CPU
		{19189387-D9D3-48F5-B96A-46DB51582A69}.Debug|x86.ActiveCfg = Debug|Any CPU
		{19189387-D9D3-48F5-B96A-46DB51582A69}.Debug|x86.Build.0 = Debug|Any CPU
		{19189387-D9D3-48F5-B96A-46DB51582A69}.Release|Any CPU.ActiveCfg = Release|Any CPU
		{19189387-D9D3-48F5-B96A-46DB51582A69}.Release|Any CPU.Build.0 = Release|Any CPU
		{19189387-D9D3-48F5-B96A-46DB51582A69}.Release|x64.ActiveCfg = Release|Any CPU
		{19189387-D9D3-48F5-B96A-46DB51582A69}.Release|x64.Build.0 = Release|Any CPU
		{19189387-D9D3-48F5-B96A-46DB51582A69}.Release|x86.ActiveCfg = Release|Any CPU
		{19189387-D9D3-48F5-B96A-46DB51582A69}.Release|x86.Build.0 = Release|Any CPU
		{1E7483E1-44FD-490A-8027-6D02756D109E}.Debug|Any CPU.ActiveCfg = Debug|Any CPU
		{1E7483E1-44FD-490A-8027-6D02756D109E}.Debug|Any CPU.Build.0 = Debug|Any CPU
		{1E7483E1-44FD-490A-8027-6D02756D109E}.Debug|x64.ActiveCfg = Debug|Any CPU
		{1E7483E1-44FD-490A-8027-6D02756D109E}.Debug|x64.Build.0 = Debug|Any CPU
		{1E7483E1-44FD-490A-8027-6D02756D109E}.Debug|x86.ActiveCfg = Debug|Any CPU
		{1E7483E1-44FD-490A-8027-6D02756D109E}.Debug|x86.Build.0 = Debug|Any CPU
		{1E7483E1-44FD-490A-8027-6D02756D109E}.Release|Any CPU.ActiveCfg = Release|Any CPU
		{1E7483E1-44FD-490A-8027-6D02756D109E}.Release|Any CPU.Build.0 = Release|Any CPU
		{1E7483E1-44FD-490A-8027-6D02756D109E}.Release|x64.ActiveCfg = Release|Any CPU
		{1E7483E1-44FD-490A-8027-6D02756D109E}.Release|x64.Build.0 = Release|Any CPU
		{1E7483E1-44FD-490A-8027-6D02756D109E}.Release|x86.ActiveCfg = Release|Any CPU
		{1E7483E1-44FD-490A-8027-6D02756D109E}.Release|x86.Build.0 = Release|Any CPU
		{8F47CE55-B71D-46D2-A1BE-FEDBB95B2328}.Debug|Any CPU.ActiveCfg = Debug|Any CPU
		{8F47CE55-B71D-46D2-A1BE-FEDBB95B2328}.Debug|Any CPU.Build.0 = Debug|Any CPU
		{8F47CE55-B71D-46D2-A1BE-FEDBB95B2328}.Debug|x64.ActiveCfg = Debug|Any CPU
		{8F47CE55-B71D-46D2-A1BE-FEDBB95B2328}.Debug|x64.Build.0 = Debug|Any CPU
		{8F47CE55-B71D-46D2-A1BE-FEDBB95B2328}.Debug|x86.ActiveCfg = Debug|Any CPU
		{8F47CE55-B71D-46D2-A1BE-FEDBB95B2328}.Debug|x86.Build.0 = Debug|Any CPU
		{8F47CE55-B71D-46D2-A1BE-FEDBB95B2328}.Release|Any CPU.ActiveCfg = Release|Any CPU
		{8F47CE55-B71D-46D2-A1BE-FEDBB95B2328}.Release|Any CPU.Build.0 = Release|Any CPU
		{8F47CE55-B71D-46D2-A1BE-FEDBB95B2328}.Release|x64.ActiveCfg = Release|Any CPU
		{8F47CE55-B71D-46D2-A1BE-FEDBB95B2328}.Release|x64.Build.0 = Release|Any CPU
		{8F47CE55-B71D-46D2-A1BE-FEDBB95B2328}.Release|x86.ActiveCfg = Release|Any CPU
		{8F47CE55-B71D-46D2-A1BE-FEDBB95B2328}.Release|x86.Build.0 = Release|Any CPU
		{49B1DF8F-77DF-4C62-86F3-BFC5A74559B1}.Debug|Any CPU.ActiveCfg = Debug|Any CPU
		{49B1DF8F-77DF-4C62-86F3-BFC5A74559B1}.Debug|Any CPU.Build.0 = Debug|Any CPU
		{49B1DF8F-77DF-4C62-86F3-BFC5A74559B1}.Debug|x64.ActiveCfg = Debug|Any CPU
		{49B1DF8F-77DF-4C62-86F3-BFC5A74559B1}.Debug|x64.Build.0 = Debug|Any CPU
		{49B1DF8F-77DF-4C62-86F3-BFC5A74559B1}.Debug|x86.ActiveCfg = Debug|Any CPU
		{49B1DF8F-77DF-4C62-86F3-BFC5A74559B1}.Debug|x86.Build.0 = Debug|Any CPU
		{49B1DF8F-77DF-4C62-86F3-BFC5A74559B1}.Release|Any CPU.ActiveCfg = Release|Any CPU
		{49B1DF8F-77DF-4C62-86F3-BFC5A74559B1}.Release|Any CPU.Build.0 = Release|Any CPU
		{49B1DF8F-77DF-4C62-86F3-BFC5A74559B1}.Release|x64.ActiveCfg = Release|Any CPU
		{49B1DF8F-77DF-4C62-86F3-BFC5A74559B1}.Release|x64.Build.0 = Release|Any CPU
		{49B1DF8F-77DF-4C62-86F3-BFC5A74559B1}.Release|x86.ActiveCfg = Release|Any CPU
		{49B1DF8F-77DF-4C62-86F3-BFC5A74559B1}.Release|x86.Build.0 = Release|Any CPU
		{783CB419-C0F2-4B03-9790-09152B6213C4}.Debug|Any CPU.ActiveCfg = Debug|Any CPU
		{783CB419-C0F2-4B03-9790-09152B6213C4}.Debug|Any CPU.Build.0 = Debug|Any CPU
		{783CB419-C0F2-4B03-9790-09152B6213C4}.Debug|x64.ActiveCfg = Debug|Any CPU
		{783CB419-C0F2-4B03-9790-09152B6213C4}.Debug|x64.Build.0 = Debug|Any CPU
		{783CB419-C0F2-4B03-9790-09152B6213C4}.Debug|x86.ActiveCfg = Debug|Any CPU
		{783CB419-C0F2-4B03-9790-09152B6213C4}.Debug|x86.Build.0 = Debug|Any CPU
		{783CB419-C0F2-4B03-9790-09152B6213C4}.Release|Any CPU.ActiveCfg = Release|Any CPU
		{783CB419-C0F2-4B03-9790-09152B6213C4}.Release|Any CPU.Build.0 = Release|Any CPU
		{783CB419-C0F2-4B03-9790-09152B6213C4}.Release|x64.ActiveCfg = Release|Any CPU
		{783CB419-C0F2-4B03-9790-09152B6213C4}.Release|x64.Build.0 = Release|Any CPU
		{783CB419-C0F2-4B03-9790-09152B6213C4}.Release|x86.ActiveCfg = Release|Any CPU
		{783CB419-C0F2-4B03-9790-09152B6213C4}.Release|x86.Build.0 = Release|Any CPU
		{2CBA0863-4D92-4E43-9140-3F08E3DAEC78}.Debug|Any CPU.ActiveCfg = Debug|Any CPU
		{2CBA0863-4D92-4E43-9140-3F08E3DAEC78}.Debug|Any CPU.Build.0 = Debug|Any CPU
		{2CBA0863-4D92-4E43-9140-3F08E3DAEC78}.Debug|x64.ActiveCfg = Debug|Any CPU
		{2CBA0863-4D92-4E43-9140-3F08E3DAEC78}.Debug|x64.Build.0 = Debug|Any CPU
		{2CBA0863-4D92-4E43-9140-3F08E3DAEC78}.Debug|x86.ActiveCfg = Debug|Any CPU
		{2CBA0863-4D92-4E43-9140-3F08E3DAEC78}.Debug|x86.Build.0 = Debug|Any CPU
		{2CBA0863-4D92-4E43-9140-3F08E3DAEC78}.Release|Any CPU.ActiveCfg = Release|Any CPU
		{2CBA0863-4D92-4E43-9140-3F08E3DAEC78}.Release|Any CPU.Build.0 = Release|Any CPU
		{2CBA0863-4D92-4E43-9140-3F08E3DAEC78}.Release|x64.ActiveCfg = Release|Any CPU
		{2CBA0863-4D92-4E43-9140-3F08E3DAEC78}.Release|x64.Build.0 = Release|Any CPU
		{2CBA0863-4D92-4E43-9140-3F08E3DAEC78}.Release|x86.ActiveCfg = Release|Any CPU
		{2CBA0863-4D92-4E43-9140-3F08E3DAEC78}.Release|x86.Build.0 = Release|Any CPU
		{BB35FDC9-5398-439D-AD52-0CE3E05A54AF}.Debug|Any CPU.ActiveCfg = Debug|Any CPU
		{BB35FDC9-5398-439D-AD52-0CE3E05A54AF}.Debug|Any CPU.Build.0 = Debug|Any CPU
		{BB35FDC9-5398-439D-AD52-0CE3E05A54AF}.Debug|x64.ActiveCfg = Debug|Any CPU
		{BB35FDC9-5398-439D-AD52-0CE3E05A54AF}.Debug|x64.Build.0 = Debug|Any CPU
		{BB35FDC9-5398-439D-AD52-0CE3E05A54AF}.Debug|x86.ActiveCfg = Debug|Any CPU
		{BB35FDC9-5398-439D-AD52-0CE3E05A54AF}.Debug|x86.Build.0 = Debug|Any CPU
		{BB35FDC9-5398-439D-AD52-0CE3E05A54AF}.Release|Any CPU.ActiveCfg = Release|Any CPU
		{BB35FDC9-5398-439D-AD52-0CE3E05A54AF}.Release|Any CPU.Build.0 = Release|Any CPU
		{BB35FDC9-5398-439D-AD52-0CE3E05A54AF}.Release|x64.ActiveCfg = Release|Any CPU
		{BB35FDC9-5398-439D-AD52-0CE3E05A54AF}.Release|x64.Build.0 = Release|Any CPU
		{BB35FDC9-5398-439D-AD52-0CE3E05A54AF}.Release|x86.ActiveCfg = Release|Any CPU
		{BB35FDC9-5398-439D-AD52-0CE3E05A54AF}.Release|x86.Build.0 = Release|Any CPU
		{CFB1226A-9093-447D-9237-1219ED46E97C}.Debug|Any CPU.ActiveCfg = Debug|Any CPU
		{CFB1226A-9093-447D-9237-1219ED46E97C}.Debug|Any CPU.Build.0 = Debug|Any CPU
		{CFB1226A-9093-447D-9237-1219ED46E97C}.Debug|x64.ActiveCfg = Debug|Any CPU
		{CFB1226A-9093-447D-9237-1219ED46E97C}.Debug|x64.Build.0 = Debug|Any CPU
		{CFB1226A-9093-447D-9237-1219ED46E97C}.Debug|x86.ActiveCfg = Debug|Any CPU
		{CFB1226A-9093-447D-9237-1219ED46E97C}.Debug|x86.Build.0 = Debug|Any CPU
		{CFB1226A-9093-447D-9237-1219ED46E97C}.Release|Any CPU.ActiveCfg = Release|Any CPU
		{CFB1226A-9093-447D-9237-1219ED46E97C}.Release|Any CPU.Build.0 = Release|Any CPU
		{CFB1226A-9093-447D-9237-1219ED46E97C}.Release|x64.ActiveCfg = Release|Any CPU
		{CFB1226A-9093-447D-9237-1219ED46E97C}.Release|x64.Build.0 = Release|Any CPU
		{CFB1226A-9093-447D-9237-1219ED46E97C}.Release|x86.ActiveCfg = Release|Any CPU
		{CFB1226A-9093-447D-9237-1219ED46E97C}.Release|x86.Build.0 = Release|Any CPU
		{ED13BC65-DA53-4442-8AE7-DAC5D6109BA1}.Debug|Any CPU.ActiveCfg = Debug|Any CPU
		{ED13BC65-DA53-4442-8AE7-DAC5D6109BA1}.Debug|Any CPU.Build.0 = Debug|Any CPU
		{ED13BC65-DA53-4442-8AE7-DAC5D6109BA1}.Debug|x64.ActiveCfg = Debug|Any CPU
		{ED13BC65-DA53-4442-8AE7-DAC5D6109BA1}.Debug|x64.Build.0 = Debug|Any CPU
		{ED13BC65-DA53-4442-8AE7-DAC5D6109BA1}.Debug|x86.ActiveCfg = Debug|Any CPU
		{ED13BC65-DA53-4442-8AE7-DAC5D6109BA1}.Debug|x86.Build.0 = Debug|Any CPU
		{ED13BC65-DA53-4442-8AE7-DAC5D6109BA1}.Release|Any CPU.ActiveCfg = Release|Any CPU
		{ED13BC65-DA53-4442-8AE7-DAC5D6109BA1}.Release|Any CPU.Build.0 = Release|Any CPU
		{ED13BC65-DA53-4442-8AE7-DAC5D6109BA1}.Release|x64.ActiveCfg = Release|Any CPU
		{ED13BC65-DA53-4442-8AE7-DAC5D6109BA1}.Release|x64.Build.0 = Release|Any CPU
		{ED13BC65-DA53-4442-8AE7-DAC5D6109BA1}.Release|x86.ActiveCfg = Release|Any CPU
		{ED13BC65-DA53-4442-8AE7-DAC5D6109BA1}.Release|x86.Build.0 = Release|Any CPU
		{69376953-0D88-4583-B429-04DD292E8564}.Debug|Any CPU.ActiveCfg = Debug|Any CPU
		{69376953-0D88-4583-B429-04DD292E8564}.Debug|Any CPU.Build.0 = Debug|Any CPU
		{69376953-0D88-4583-B429-04DD292E8564}.Debug|x64.ActiveCfg = Debug|Any CPU
		{69376953-0D88-4583-B429-04DD292E8564}.Debug|x64.Build.0 = Debug|Any CPU
		{69376953-0D88-4583-B429-04DD292E8564}.Debug|x86.ActiveCfg = Debug|Any CPU
		{69376953-0D88-4583-B429-04DD292E8564}.Debug|x86.Build.0 = Debug|Any CPU
		{69376953-0D88-4583-B429-04DD292E8564}.Release|Any CPU.ActiveCfg = Release|Any CPU
		{69376953-0D88-4583-B429-04DD292E8564}.Release|Any CPU.Build.0 = Release|Any CPU
		{69376953-0D88-4583-B429-04DD292E8564}.Release|x64.ActiveCfg = Release|Any CPU
		{69376953-0D88-4583-B429-04DD292E8564}.Release|x64.Build.0 = Release|Any CPU
		{69376953-0D88-4583-B429-04DD292E8564}.Release|x86.ActiveCfg = Release|Any CPU
		{69376953-0D88-4583-B429-04DD292E8564}.Release|x86.Build.0 = Release|Any CPU
		{FCF74E97-FF79-4417-974D-E2AC93A569D8}.Debug|Any CPU.ActiveCfg = Debug|Any CPU
		{FCF74E97-FF79-4417-974D-E2AC93A569D8}.Debug|Any CPU.Build.0 = Debug|Any CPU
		{FCF74E97-FF79-4417-974D-E2AC93A569D8}.Debug|x64.ActiveCfg = Debug|Any CPU
		{FCF74E97-FF79-4417-974D-E2AC93A569D8}.Debug|x64.Build.0 = Debug|Any CPU
		{FCF74E97-FF79-4417-974D-E2AC93A569D8}.Debug|x86.ActiveCfg = Debug|Any CPU
		{FCF74E97-FF79-4417-974D-E2AC93A569D8}.Debug|x86.Build.0 = Debug|Any CPU
		{FCF74E97-FF79-4417-974D-E2AC93A569D8}.Release|Any CPU.ActiveCfg = Release|Any CPU
		{FCF74E97-FF79-4417-974D-E2AC93A569D8}.Release|Any CPU.Build.0 = Release|Any CPU
		{FCF74E97-FF79-4417-974D-E2AC93A569D8}.Release|x64.ActiveCfg = Release|Any CPU
		{FCF74E97-FF79-4417-974D-E2AC93A569D8}.Release|x64.Build.0 = Release|Any CPU
		{FCF74E97-FF79-4417-974D-E2AC93A569D8}.Release|x86.ActiveCfg = Release|Any CPU
		{FCF74E97-FF79-4417-974D-E2AC93A569D8}.Release|x86.Build.0 = Release|Any CPU
		{E3C139E6-4A6F-4116-99ED-8FC8820BC60F}.Debug|Any CPU.ActiveCfg = Debug|Any CPU
		{E3C139E6-4A6F-4116-99ED-8FC8820BC60F}.Debug|Any CPU.Build.0 = Debug|Any CPU
		{E3C139E6-4A6F-4116-99ED-8FC8820BC60F}.Debug|x64.ActiveCfg = Debug|Any CPU
		{E3C139E6-4A6F-4116-99ED-8FC8820BC60F}.Debug|x64.Build.0 = Debug|Any CPU
		{E3C139E6-4A6F-4116-99ED-8FC8820BC60F}.Debug|x86.ActiveCfg = Debug|Any CPU
		{E3C139E6-4A6F-4116-99ED-8FC8820BC60F}.Debug|x86.Build.0 = Debug|Any CPU
		{E3C139E6-4A6F-4116-99ED-8FC8820BC60F}.Release|Any CPU.ActiveCfg = Release|Any CPU
		{E3C139E6-4A6F-4116-99ED-8FC8820BC60F}.Release|Any CPU.Build.0 = Release|Any CPU
		{E3C139E6-4A6F-4116-99ED-8FC8820BC60F}.Release|x64.ActiveCfg = Release|Any CPU
		{E3C139E6-4A6F-4116-99ED-8FC8820BC60F}.Release|x64.Build.0 = Release|Any CPU
		{E3C139E6-4A6F-4116-99ED-8FC8820BC60F}.Release|x86.ActiveCfg = Release|Any CPU
		{E3C139E6-4A6F-4116-99ED-8FC8820BC60F}.Release|x86.Build.0 = Release|Any CPU
		{B7356CC4-0F83-48AB-9BDA-497172FB2D03}.Debug|Any CPU.ActiveCfg = Debug|Any CPU
		{B7356CC4-0F83-48AB-9BDA-497172FB2D03}.Debug|Any CPU.Build.0 = Debug|Any CPU
		{B7356CC4-0F83-48AB-9BDA-497172FB2D03}.Debug|x64.ActiveCfg = Debug|Any CPU
		{B7356CC4-0F83-48AB-9BDA-497172FB2D03}.Debug|x64.Build.0 = Debug|Any CPU
		{B7356CC4-0F83-48AB-9BDA-497172FB2D03}.Debug|x86.ActiveCfg = Debug|Any CPU
		{B7356CC4-0F83-48AB-9BDA-497172FB2D03}.Debug|x86.Build.0 = Debug|Any CPU
		{B7356CC4-0F83-48AB-9BDA-497172FB2D03}.Release|Any CPU.ActiveCfg = Release|Any CPU
		{B7356CC4-0F83-48AB-9BDA-497172FB2D03}.Release|Any CPU.Build.0 = Release|Any CPU
		{B7356CC4-0F83-48AB-9BDA-497172FB2D03}.Release|x64.ActiveCfg = Release|Any CPU
		{B7356CC4-0F83-48AB-9BDA-497172FB2D03}.Release|x64.Build.0 = Release|Any CPU
		{B7356CC4-0F83-48AB-9BDA-497172FB2D03}.Release|x86.ActiveCfg = Release|Any CPU
		{B7356CC4-0F83-48AB-9BDA-497172FB2D03}.Release|x86.Build.0 = Release|Any CPU
		{B1F63A2C-BB3C-4F0F-8D06-9C9F279AED51}.Debug|Any CPU.ActiveCfg = Debug|Any CPU
		{B1F63A2C-BB3C-4F0F-8D06-9C9F279AED51}.Debug|Any CPU.Build.0 = Debug|Any CPU
		{B1F63A2C-BB3C-4F0F-8D06-9C9F279AED51}.Debug|x64.ActiveCfg = Debug|Any CPU
		{B1F63A2C-BB3C-4F0F-8D06-9C9F279AED51}.Debug|x64.Build.0 = Debug|Any CPU
		{B1F63A2C-BB3C-4F0F-8D06-9C9F279AED51}.Debug|x86.ActiveCfg = Debug|Any CPU
		{B1F63A2C-BB3C-4F0F-8D06-9C9F279AED51}.Debug|x86.Build.0 = Debug|Any CPU
		{B1F63A2C-BB3C-4F0F-8D06-9C9F279AED51}.Release|Any CPU.ActiveCfg = Release|Any CPU
		{B1F63A2C-BB3C-4F0F-8D06-9C9F279AED51}.Release|Any CPU.Build.0 = Release|Any CPU
		{B1F63A2C-BB3C-4F0F-8D06-9C9F279AED51}.Release|x64.ActiveCfg = Release|Any CPU
		{B1F63A2C-BB3C-4F0F-8D06-9C9F279AED51}.Release|x64.Build.0 = Release|Any CPU
		{B1F63A2C-BB3C-4F0F-8D06-9C9F279AED51}.Release|x86.ActiveCfg = Release|Any CPU
		{B1F63A2C-BB3C-4F0F-8D06-9C9F279AED51}.Release|x86.Build.0 = Release|Any CPU
		{38C0A189-8714-491E-8CBA-BF6EAF19B1FA}.Debug|Any CPU.ActiveCfg = Debug|Any CPU
		{38C0A189-8714-491E-8CBA-BF6EAF19B1FA}.Debug|Any CPU.Build.0 = Debug|Any CPU
		{38C0A189-8714-491E-8CBA-BF6EAF19B1FA}.Debug|x64.ActiveCfg = Debug|Any CPU
		{38C0A189-8714-491E-8CBA-BF6EAF19B1FA}.Debug|x64.Build.0 = Debug|Any CPU
		{38C0A189-8714-491E-8CBA-BF6EAF19B1FA}.Debug|x86.ActiveCfg = Debug|Any CPU
		{38C0A189-8714-491E-8CBA-BF6EAF19B1FA}.Debug|x86.Build.0 = Debug|Any CPU
		{38C0A189-8714-491E-8CBA-BF6EAF19B1FA}.Release|Any CPU.ActiveCfg = Release|Any CPU
		{38C0A189-8714-491E-8CBA-BF6EAF19B1FA}.Release|Any CPU.Build.0 = Release|Any CPU
		{38C0A189-8714-491E-8CBA-BF6EAF19B1FA}.Release|x64.ActiveCfg = Release|Any CPU
		{38C0A189-8714-491E-8CBA-BF6EAF19B1FA}.Release|x64.Build.0 = Release|Any CPU
		{38C0A189-8714-491E-8CBA-BF6EAF19B1FA}.Release|x86.ActiveCfg = Release|Any CPU
		{38C0A189-8714-491E-8CBA-BF6EAF19B1FA}.Release|x86.Build.0 = Release|Any CPU
		{386FDCE1-5118-457E-BA33-6DE6302DFAC2}.Debug|Any CPU.ActiveCfg = Debug|Any CPU
		{386FDCE1-5118-457E-BA33-6DE6302DFAC2}.Debug|Any CPU.Build.0 = Debug|Any CPU
		{386FDCE1-5118-457E-BA33-6DE6302DFAC2}.Debug|x64.ActiveCfg = Debug|Any CPU
		{386FDCE1-5118-457E-BA33-6DE6302DFAC2}.Debug|x64.Build.0 = Debug|Any CPU
		{386FDCE1-5118-457E-BA33-6DE6302DFAC2}.Debug|x86.ActiveCfg = Debug|Any CPU
		{386FDCE1-5118-457E-BA33-6DE6302DFAC2}.Debug|x86.Build.0 = Debug|Any CPU
		{386FDCE1-5118-457E-BA33-6DE6302DFAC2}.Release|Any CPU.ActiveCfg = Release|Any CPU
		{386FDCE1-5118-457E-BA33-6DE6302DFAC2}.Release|Any CPU.Build.0 = Release|Any CPU
		{386FDCE1-5118-457E-BA33-6DE6302DFAC2}.Release|x64.ActiveCfg = Release|Any CPU
		{386FDCE1-5118-457E-BA33-6DE6302DFAC2}.Release|x64.Build.0 = Release|Any CPU
		{386FDCE1-5118-457E-BA33-6DE6302DFAC2}.Release|x86.ActiveCfg = Release|Any CPU
		{386FDCE1-5118-457E-BA33-6DE6302DFAC2}.Release|x86.Build.0 = Release|Any CPU
		{D43B791F-42CB-46D7-969D-3E820D040057}.Debug|Any CPU.ActiveCfg = Debug|Any CPU
		{D43B791F-42CB-46D7-969D-3E820D040057}.Debug|Any CPU.Build.0 = Debug|Any CPU
		{D43B791F-42CB-46D7-969D-3E820D040057}.Debug|x64.ActiveCfg = Debug|Any CPU
		{D43B791F-42CB-46D7-969D-3E820D040057}.Debug|x64.Build.0 = Debug|Any CPU
		{D43B791F-42CB-46D7-969D-3E820D040057}.Debug|x86.ActiveCfg = Debug|Any CPU
		{D43B791F-42CB-46D7-969D-3E820D040057}.Debug|x86.Build.0 = Debug|Any CPU
		{D43B791F-42CB-46D7-969D-3E820D040057}.Release|Any CPU.ActiveCfg = Release|Any CPU
		{D43B791F-42CB-46D7-969D-3E820D040057}.Release|Any CPU.Build.0 = Release|Any CPU
		{D43B791F-42CB-46D7-969D-3E820D040057}.Release|x64.ActiveCfg = Release|Any CPU
		{D43B791F-42CB-46D7-969D-3E820D040057}.Release|x64.Build.0 = Release|Any CPU
		{D43B791F-42CB-46D7-969D-3E820D040057}.Release|x86.ActiveCfg = Release|Any CPU
		{D43B791F-42CB-46D7-969D-3E820D040057}.Release|x86.Build.0 = Release|Any CPU
		{1AD22C49-7D3C-44C7-B6F8-B941B1F1A699}.Debug|Any CPU.ActiveCfg = Debug|Any CPU
		{1AD22C49-7D3C-44C7-B6F8-B941B1F1A699}.Debug|Any CPU.Build.0 = Debug|Any CPU
		{1AD22C49-7D3C-44C7-B6F8-B941B1F1A699}.Debug|x64.ActiveCfg = Debug|Any CPU
		{1AD22C49-7D3C-44C7-B6F8-B941B1F1A699}.Debug|x64.Build.0 = Debug|Any CPU
		{1AD22C49-7D3C-44C7-B6F8-B941B1F1A699}.Debug|x86.ActiveCfg = Debug|Any CPU
		{1AD22C49-7D3C-44C7-B6F8-B941B1F1A699}.Debug|x86.Build.0 = Debug|Any CPU
		{1AD22C49-7D3C-44C7-B6F8-B941B1F1A699}.Release|Any CPU.ActiveCfg = Release|Any CPU
		{1AD22C49-7D3C-44C7-B6F8-B941B1F1A699}.Release|Any CPU.Build.0 = Release|Any CPU
		{1AD22C49-7D3C-44C7-B6F8-B941B1F1A699}.Release|x64.ActiveCfg = Release|Any CPU
		{1AD22C49-7D3C-44C7-B6F8-B941B1F1A699}.Release|x64.Build.0 = Release|Any CPU
		{1AD22C49-7D3C-44C7-B6F8-B941B1F1A699}.Release|x86.ActiveCfg = Release|Any CPU
		{1AD22C49-7D3C-44C7-B6F8-B941B1F1A699}.Release|x86.Build.0 = Release|Any CPU
		{231B766F-6B28-431D-AA52-4846B658F156}.Debug|Any CPU.ActiveCfg = Debug|Any CPU
		{231B766F-6B28-431D-AA52-4846B658F156}.Debug|Any CPU.Build.0 = Debug|Any CPU
		{231B766F-6B28-431D-AA52-4846B658F156}.Debug|x64.ActiveCfg = Debug|Any CPU
		{231B766F-6B28-431D-AA52-4846B658F156}.Debug|x64.Build.0 = Debug|Any CPU
		{231B766F-6B28-431D-AA52-4846B658F156}.Debug|x86.ActiveCfg = Debug|Any CPU
		{231B766F-6B28-431D-AA52-4846B658F156}.Debug|x86.Build.0 = Debug|Any CPU
		{231B766F-6B28-431D-AA52-4846B658F156}.Release|Any CPU.ActiveCfg = Release|Any CPU
		{231B766F-6B28-431D-AA52-4846B658F156}.Release|Any CPU.Build.0 = Release|Any CPU
		{231B766F-6B28-431D-AA52-4846B658F156}.Release|x64.ActiveCfg = Release|Any CPU
		{231B766F-6B28-431D-AA52-4846B658F156}.Release|x64.Build.0 = Release|Any CPU
		{231B766F-6B28-431D-AA52-4846B658F156}.Release|x86.ActiveCfg = Release|Any CPU
		{231B766F-6B28-431D-AA52-4846B658F156}.Release|x86.Build.0 = Release|Any CPU
		{44219E20-5BF4-48E5-9EAE-2A38EC2ADB9E}.Debug|Any CPU.ActiveCfg = Debug|Any CPU
		{44219E20-5BF4-48E5-9EAE-2A38EC2ADB9E}.Debug|Any CPU.Build.0 = Debug|Any CPU
		{44219E20-5BF4-48E5-9EAE-2A38EC2ADB9E}.Debug|x64.ActiveCfg = Debug|Any CPU
		{44219E20-5BF4-48E5-9EAE-2A38EC2ADB9E}.Debug|x64.Build.0 = Debug|Any CPU
		{44219E20-5BF4-48E5-9EAE-2A38EC2ADB9E}.Debug|x86.ActiveCfg = Debug|Any CPU
		{44219E20-5BF4-48E5-9EAE-2A38EC2ADB9E}.Debug|x86.Build.0 = Debug|Any CPU
		{44219E20-5BF4-48E5-9EAE-2A38EC2ADB9E}.Release|Any CPU.ActiveCfg = Release|Any CPU
		{44219E20-5BF4-48E5-9EAE-2A38EC2ADB9E}.Release|Any CPU.Build.0 = Release|Any CPU
		{44219E20-5BF4-48E5-9EAE-2A38EC2ADB9E}.Release|x64.ActiveCfg = Release|Any CPU
		{44219E20-5BF4-48E5-9EAE-2A38EC2ADB9E}.Release|x64.Build.0 = Release|Any CPU
		{44219E20-5BF4-48E5-9EAE-2A38EC2ADB9E}.Release|x86.ActiveCfg = Release|Any CPU
		{44219E20-5BF4-48E5-9EAE-2A38EC2ADB9E}.Release|x86.Build.0 = Release|Any CPU
		{10E373BF-5CC2-438D-8062-8BE9FBD8CB22}.Debug|Any CPU.ActiveCfg = Debug|Any CPU
		{10E373BF-5CC2-438D-8062-8BE9FBD8CB22}.Debug|Any CPU.Build.0 = Debug|Any CPU
		{10E373BF-5CC2-438D-8062-8BE9FBD8CB22}.Debug|x64.ActiveCfg = Debug|Any CPU
		{10E373BF-5CC2-438D-8062-8BE9FBD8CB22}.Debug|x64.Build.0 = Debug|Any CPU
		{10E373BF-5CC2-438D-8062-8BE9FBD8CB22}.Debug|x86.ActiveCfg = Debug|Any CPU
		{10E373BF-5CC2-438D-8062-8BE9FBD8CB22}.Debug|x86.Build.0 = Debug|Any CPU
		{10E373BF-5CC2-438D-8062-8BE9FBD8CB22}.Release|Any CPU.ActiveCfg = Release|Any CPU
		{10E373BF-5CC2-438D-8062-8BE9FBD8CB22}.Release|Any CPU.Build.0 = Release|Any CPU
		{10E373BF-5CC2-438D-8062-8BE9FBD8CB22}.Release|x64.ActiveCfg = Release|Any CPU
		{10E373BF-5CC2-438D-8062-8BE9FBD8CB22}.Release|x64.Build.0 = Release|Any CPU
		{10E373BF-5CC2-438D-8062-8BE9FBD8CB22}.Release|x86.ActiveCfg = Release|Any CPU
		{10E373BF-5CC2-438D-8062-8BE9FBD8CB22}.Release|x86.Build.0 = Release|Any CPU
		{D2BAFDC4-0EED-44A1-BC73-39A2B7FCA1AF}.Debug|Any CPU.ActiveCfg = Debug|Any CPU
		{D2BAFDC4-0EED-44A1-BC73-39A2B7FCA1AF}.Debug|Any CPU.Build.0 = Debug|Any CPU
		{D2BAFDC4-0EED-44A1-BC73-39A2B7FCA1AF}.Debug|x64.ActiveCfg = Debug|Any CPU
		{D2BAFDC4-0EED-44A1-BC73-39A2B7FCA1AF}.Debug|x64.Build.0 = Debug|Any CPU
		{D2BAFDC4-0EED-44A1-BC73-39A2B7FCA1AF}.Debug|x86.ActiveCfg = Debug|Any CPU
		{D2BAFDC4-0EED-44A1-BC73-39A2B7FCA1AF}.Debug|x86.Build.0 = Debug|Any CPU
		{D2BAFDC4-0EED-44A1-BC73-39A2B7FCA1AF}.Release|Any CPU.ActiveCfg = Release|Any CPU
		{D2BAFDC4-0EED-44A1-BC73-39A2B7FCA1AF}.Release|Any CPU.Build.0 = Release|Any CPU
		{D2BAFDC4-0EED-44A1-BC73-39A2B7FCA1AF}.Release|x64.ActiveCfg = Release|Any CPU
		{D2BAFDC4-0EED-44A1-BC73-39A2B7FCA1AF}.Release|x64.Build.0 = Release|Any CPU
		{D2BAFDC4-0EED-44A1-BC73-39A2B7FCA1AF}.Release|x86.ActiveCfg = Release|Any CPU
		{D2BAFDC4-0EED-44A1-BC73-39A2B7FCA1AF}.Release|x86.Build.0 = Release|Any CPU
		{54BD0B74-21FE-45E3-85DD-1EAD6B711EEE}.Debug|Any CPU.ActiveCfg = Debug|Any CPU
		{54BD0B74-21FE-45E3-85DD-1EAD6B711EEE}.Debug|Any CPU.Build.0 = Debug|Any CPU
		{54BD0B74-21FE-45E3-85DD-1EAD6B711EEE}.Debug|x64.ActiveCfg = Debug|Any CPU
		{54BD0B74-21FE-45E3-85DD-1EAD6B711EEE}.Debug|x64.Build.0 = Debug|Any CPU
		{54BD0B74-21FE-45E3-85DD-1EAD6B711EEE}.Debug|x86.ActiveCfg = Debug|Any CPU
		{54BD0B74-21FE-45E3-85DD-1EAD6B711EEE}.Debug|x86.Build.0 = Debug|Any CPU
		{54BD0B74-21FE-45E3-85DD-1EAD6B711EEE}.Release|Any CPU.ActiveCfg = Release|Any CPU
		{54BD0B74-21FE-45E3-85DD-1EAD6B711EEE}.Release|Any CPU.Build.0 = Release|Any CPU
		{54BD0B74-21FE-45E3-85DD-1EAD6B711EEE}.Release|x64.ActiveCfg = Release|Any CPU
		{54BD0B74-21FE-45E3-85DD-1EAD6B711EEE}.Release|x64.Build.0 = Release|Any CPU
		{54BD0B74-21FE-45E3-85DD-1EAD6B711EEE}.Release|x86.ActiveCfg = Release|Any CPU
		{54BD0B74-21FE-45E3-85DD-1EAD6B711EEE}.Release|x86.Build.0 = Release|Any CPU
		{550695A5-6AD7-4999-87E9-0FF8DF4ACDD5}.Debug|Any CPU.ActiveCfg = Debug|Any CPU
		{550695A5-6AD7-4999-87E9-0FF8DF4ACDD5}.Debug|Any CPU.Build.0 = Debug|Any CPU
		{550695A5-6AD7-4999-87E9-0FF8DF4ACDD5}.Debug|x64.ActiveCfg = Debug|Any CPU
		{550695A5-6AD7-4999-87E9-0FF8DF4ACDD5}.Debug|x64.Build.0 = Debug|Any CPU
		{550695A5-6AD7-4999-87E9-0FF8DF4ACDD5}.Debug|x86.ActiveCfg = Debug|Any CPU
		{550695A5-6AD7-4999-87E9-0FF8DF4ACDD5}.Debug|x86.Build.0 = Debug|Any CPU
		{550695A5-6AD7-4999-87E9-0FF8DF4ACDD5}.Release|Any CPU.ActiveCfg = Release|Any CPU
		{550695A5-6AD7-4999-87E9-0FF8DF4ACDD5}.Release|Any CPU.Build.0 = Release|Any CPU
		{550695A5-6AD7-4999-87E9-0FF8DF4ACDD5}.Release|x64.ActiveCfg = Release|Any CPU
		{550695A5-6AD7-4999-87E9-0FF8DF4ACDD5}.Release|x64.Build.0 = Release|Any CPU
		{550695A5-6AD7-4999-87E9-0FF8DF4ACDD5}.Release|x86.ActiveCfg = Release|Any CPU
		{550695A5-6AD7-4999-87E9-0FF8DF4ACDD5}.Release|x86.Build.0 = Release|Any CPU
		{E13E2889-2336-4002-9485-962E4786A4AD}.Debug|Any CPU.ActiveCfg = Debug|Any CPU
		{E13E2889-2336-4002-9485-962E4786A4AD}.Debug|Any CPU.Build.0 = Debug|Any CPU
		{E13E2889-2336-4002-9485-962E4786A4AD}.Debug|x64.ActiveCfg = Debug|Any CPU
		{E13E2889-2336-4002-9485-962E4786A4AD}.Debug|x64.Build.0 = Debug|Any CPU
		{E13E2889-2336-4002-9485-962E4786A4AD}.Debug|x86.ActiveCfg = Debug|Any CPU
		{E13E2889-2336-4002-9485-962E4786A4AD}.Debug|x86.Build.0 = Debug|Any CPU
		{E13E2889-2336-4002-9485-962E4786A4AD}.Release|Any CPU.ActiveCfg = Release|Any CPU
		{E13E2889-2336-4002-9485-962E4786A4AD}.Release|Any CPU.Build.0 = Release|Any CPU
		{E13E2889-2336-4002-9485-962E4786A4AD}.Release|x64.ActiveCfg = Release|Any CPU
		{E13E2889-2336-4002-9485-962E4786A4AD}.Release|x64.Build.0 = Release|Any CPU
		{E13E2889-2336-4002-9485-962E4786A4AD}.Release|x86.ActiveCfg = Release|Any CPU
		{E13E2889-2336-4002-9485-962E4786A4AD}.Release|x86.Build.0 = Release|Any CPU
		{7B51FAAC-B767-46A6-8D76-35CEEAD9D463}.Debug|Any CPU.ActiveCfg = Debug|Any CPU
		{7B51FAAC-B767-46A6-8D76-35CEEAD9D463}.Debug|Any CPU.Build.0 = Debug|Any CPU
		{7B51FAAC-B767-46A6-8D76-35CEEAD9D463}.Debug|x64.ActiveCfg = Debug|Any CPU
		{7B51FAAC-B767-46A6-8D76-35CEEAD9D463}.Debug|x64.Build.0 = Debug|Any CPU
		{7B51FAAC-B767-46A6-8D76-35CEEAD9D463}.Debug|x86.ActiveCfg = Debug|Any CPU
		{7B51FAAC-B767-46A6-8D76-35CEEAD9D463}.Debug|x86.Build.0 = Debug|Any CPU
		{7B51FAAC-B767-46A6-8D76-35CEEAD9D463}.Release|Any CPU.ActiveCfg = Release|Any CPU
		{7B51FAAC-B767-46A6-8D76-35CEEAD9D463}.Release|Any CPU.Build.0 = Release|Any CPU
		{7B51FAAC-B767-46A6-8D76-35CEEAD9D463}.Release|x64.ActiveCfg = Release|Any CPU
		{7B51FAAC-B767-46A6-8D76-35CEEAD9D463}.Release|x64.Build.0 = Release|Any CPU
		{7B51FAAC-B767-46A6-8D76-35CEEAD9D463}.Release|x86.ActiveCfg = Release|Any CPU
		{7B51FAAC-B767-46A6-8D76-35CEEAD9D463}.Release|x86.Build.0 = Release|Any CPU
		{60DE4DEF-177C-4ED5-9844-9DAFF8E168F9}.Debug|Any CPU.ActiveCfg = Debug|Any CPU
		{60DE4DEF-177C-4ED5-9844-9DAFF8E168F9}.Debug|Any CPU.Build.0 = Debug|Any CPU
		{60DE4DEF-177C-4ED5-9844-9DAFF8E168F9}.Debug|x64.ActiveCfg = Debug|Any CPU
		{60DE4DEF-177C-4ED5-9844-9DAFF8E168F9}.Debug|x64.Build.0 = Debug|Any CPU
		{60DE4DEF-177C-4ED5-9844-9DAFF8E168F9}.Debug|x86.ActiveCfg = Debug|Any CPU
		{60DE4DEF-177C-4ED5-9844-9DAFF8E168F9}.Debug|x86.Build.0 = Debug|Any CPU
		{60DE4DEF-177C-4ED5-9844-9DAFF8E168F9}.Release|Any CPU.ActiveCfg = Release|Any CPU
		{60DE4DEF-177C-4ED5-9844-9DAFF8E168F9}.Release|Any CPU.Build.0 = Release|Any CPU
		{60DE4DEF-177C-4ED5-9844-9DAFF8E168F9}.Release|x64.ActiveCfg = Release|Any CPU
		{60DE4DEF-177C-4ED5-9844-9DAFF8E168F9}.Release|x64.Build.0 = Release|Any CPU
		{60DE4DEF-177C-4ED5-9844-9DAFF8E168F9}.Release|x86.ActiveCfg = Release|Any CPU
		{60DE4DEF-177C-4ED5-9844-9DAFF8E168F9}.Release|x86.Build.0 = Release|Any CPU
		{9C009F31-86C9-4175-8E52-E4760A667CB3}.Debug|Any CPU.ActiveCfg = Debug|Any CPU
		{9C009F31-86C9-4175-8E52-E4760A667CB3}.Debug|Any CPU.Build.0 = Debug|Any CPU
		{9C009F31-86C9-4175-8E52-E4760A667CB3}.Debug|x64.ActiveCfg = Debug|Any CPU
		{9C009F31-86C9-4175-8E52-E4760A667CB3}.Debug|x64.Build.0 = Debug|Any CPU
		{9C009F31-86C9-4175-8E52-E4760A667CB3}.Debug|x86.ActiveCfg = Debug|Any CPU
		{9C009F31-86C9-4175-8E52-E4760A667CB3}.Debug|x86.Build.0 = Debug|Any CPU
		{9C009F31-86C9-4175-8E52-E4760A667CB3}.Release|Any CPU.ActiveCfg = Release|Any CPU
		{9C009F31-86C9-4175-8E52-E4760A667CB3}.Release|Any CPU.Build.0 = Release|Any CPU
		{9C009F31-86C9-4175-8E52-E4760A667CB3}.Release|x64.ActiveCfg = Release|Any CPU
		{9C009F31-86C9-4175-8E52-E4760A667CB3}.Release|x64.Build.0 = Release|Any CPU
		{9C009F31-86C9-4175-8E52-E4760A667CB3}.Release|x86.ActiveCfg = Release|Any CPU
		{9C009F31-86C9-4175-8E52-E4760A667CB3}.Release|x86.Build.0 = Release|Any CPU
		{533B21B9-37A5-420D-9AE9-0DE2C4B3D294}.Debug|Any CPU.ActiveCfg = Debug|Any CPU
		{533B21B9-37A5-420D-9AE9-0DE2C4B3D294}.Debug|Any CPU.Build.0 = Debug|Any CPU
		{533B21B9-37A5-420D-9AE9-0DE2C4B3D294}.Debug|x64.ActiveCfg = Debug|Any CPU
		{533B21B9-37A5-420D-9AE9-0DE2C4B3D294}.Debug|x64.Build.0 = Debug|Any CPU
		{533B21B9-37A5-420D-9AE9-0DE2C4B3D294}.Debug|x86.ActiveCfg = Debug|Any CPU
		{533B21B9-37A5-420D-9AE9-0DE2C4B3D294}.Debug|x86.Build.0 = Debug|Any CPU
		{533B21B9-37A5-420D-9AE9-0DE2C4B3D294}.Release|Any CPU.ActiveCfg = Release|Any CPU
		{533B21B9-37A5-420D-9AE9-0DE2C4B3D294}.Release|Any CPU.Build.0 = Release|Any CPU
		{533B21B9-37A5-420D-9AE9-0DE2C4B3D294}.Release|x64.ActiveCfg = Release|Any CPU
		{533B21B9-37A5-420D-9AE9-0DE2C4B3D294}.Release|x64.Build.0 = Release|Any CPU
		{533B21B9-37A5-420D-9AE9-0DE2C4B3D294}.Release|x86.ActiveCfg = Release|Any CPU
		{533B21B9-37A5-420D-9AE9-0DE2C4B3D294}.Release|x86.Build.0 = Release|Any CPU
		{E3C02BCA-A88A-4A0A-BACE-3643D3822774}.Debug|Any CPU.ActiveCfg = Debug|Any CPU
		{E3C02BCA-A88A-4A0A-BACE-3643D3822774}.Debug|Any CPU.Build.0 = Debug|Any CPU
		{E3C02BCA-A88A-4A0A-BACE-3643D3822774}.Debug|x64.ActiveCfg = Debug|Any CPU
		{E3C02BCA-A88A-4A0A-BACE-3643D3822774}.Debug|x64.Build.0 = Debug|Any CPU
		{E3C02BCA-A88A-4A0A-BACE-3643D3822774}.Debug|x86.ActiveCfg = Debug|Any CPU
		{E3C02BCA-A88A-4A0A-BACE-3643D3822774}.Debug|x86.Build.0 = Debug|Any CPU
		{E3C02BCA-A88A-4A0A-BACE-3643D3822774}.Release|Any CPU.ActiveCfg = Release|Any CPU
		{E3C02BCA-A88A-4A0A-BACE-3643D3822774}.Release|Any CPU.Build.0 = Release|Any CPU
		{E3C02BCA-A88A-4A0A-BACE-3643D3822774}.Release|x64.ActiveCfg = Release|Any CPU
		{E3C02BCA-A88A-4A0A-BACE-3643D3822774}.Release|x64.Build.0 = Release|Any CPU
		{E3C02BCA-A88A-4A0A-BACE-3643D3822774}.Release|x86.ActiveCfg = Release|Any CPU
		{E3C02BCA-A88A-4A0A-BACE-3643D3822774}.Release|x86.Build.0 = Release|Any CPU
		{A7EB5BD9-C5B2-4D62-83DC-72B9A54209CA}.Debug|Any CPU.ActiveCfg = Debug|Any CPU
		{A7EB5BD9-C5B2-4D62-83DC-72B9A54209CA}.Debug|Any CPU.Build.0 = Debug|Any CPU
		{A7EB5BD9-C5B2-4D62-83DC-72B9A54209CA}.Debug|x64.ActiveCfg = Debug|Any CPU
		{A7EB5BD9-C5B2-4D62-83DC-72B9A54209CA}.Debug|x64.Build.0 = Debug|Any CPU
		{A7EB5BD9-C5B2-4D62-83DC-72B9A54209CA}.Debug|x86.ActiveCfg = Debug|Any CPU
		{A7EB5BD9-C5B2-4D62-83DC-72B9A54209CA}.Debug|x86.Build.0 = Debug|Any CPU
		{A7EB5BD9-C5B2-4D62-83DC-72B9A54209CA}.Release|Any CPU.ActiveCfg = Release|Any CPU
		{A7EB5BD9-C5B2-4D62-83DC-72B9A54209CA}.Release|Any CPU.Build.0 = Release|Any CPU
		{A7EB5BD9-C5B2-4D62-83DC-72B9A54209CA}.Release|x64.ActiveCfg = Release|Any CPU
		{A7EB5BD9-C5B2-4D62-83DC-72B9A54209CA}.Release|x64.Build.0 = Release|Any CPU
		{A7EB5BD9-C5B2-4D62-83DC-72B9A54209CA}.Release|x86.ActiveCfg = Release|Any CPU
		{A7EB5BD9-C5B2-4D62-83DC-72B9A54209CA}.Release|x86.Build.0 = Release|Any CPU
		{2B77711C-CD34-43F3-97D5-D87F5F3AEDC9}.Debug|Any CPU.ActiveCfg = Debug|Any CPU
		{2B77711C-CD34-43F3-97D5-D87F5F3AEDC9}.Debug|Any CPU.Build.0 = Debug|Any CPU
		{2B77711C-CD34-43F3-97D5-D87F5F3AEDC9}.Debug|x64.ActiveCfg = Debug|Any CPU
		{2B77711C-CD34-43F3-97D5-D87F5F3AEDC9}.Debug|x64.Build.0 = Debug|Any CPU
		{2B77711C-CD34-43F3-97D5-D87F5F3AEDC9}.Debug|x86.ActiveCfg = Debug|Any CPU
		{2B77711C-CD34-43F3-97D5-D87F5F3AEDC9}.Debug|x86.Build.0 = Debug|Any CPU
		{2B77711C-CD34-43F3-97D5-D87F5F3AEDC9}.Release|Any CPU.ActiveCfg = Release|Any CPU
		{2B77711C-CD34-43F3-97D5-D87F5F3AEDC9}.Release|Any CPU.Build.0 = Release|Any CPU
		{2B77711C-CD34-43F3-97D5-D87F5F3AEDC9}.Release|x64.ActiveCfg = Release|Any CPU
		{2B77711C-CD34-43F3-97D5-D87F5F3AEDC9}.Release|x64.Build.0 = Release|Any CPU
		{2B77711C-CD34-43F3-97D5-D87F5F3AEDC9}.Release|x86.ActiveCfg = Release|Any CPU
		{2B77711C-CD34-43F3-97D5-D87F5F3AEDC9}.Release|x86.Build.0 = Release|Any CPU
		{67A0C49A-6869-499A-A51C-22B74B475B36}.Debug|Any CPU.ActiveCfg = Debug|Any CPU
		{67A0C49A-6869-499A-A51C-22B74B475B36}.Debug|Any CPU.Build.0 = Debug|Any CPU
		{67A0C49A-6869-499A-A51C-22B74B475B36}.Debug|x64.ActiveCfg = Debug|Any CPU
		{67A0C49A-6869-499A-A51C-22B74B475B36}.Debug|x64.Build.0 = Debug|Any CPU
		{67A0C49A-6869-499A-A51C-22B74B475B36}.Debug|x86.ActiveCfg = Debug|Any CPU
		{67A0C49A-6869-499A-A51C-22B74B475B36}.Debug|x86.Build.0 = Debug|Any CPU
		{67A0C49A-6869-499A-A51C-22B74B475B36}.Release|Any CPU.ActiveCfg = Release|Any CPU
		{67A0C49A-6869-499A-A51C-22B74B475B36}.Release|Any CPU.Build.0 = Release|Any CPU
		{67A0C49A-6869-499A-A51C-22B74B475B36}.Release|x64.ActiveCfg = Release|Any CPU
		{67A0C49A-6869-499A-A51C-22B74B475B36}.Release|x64.Build.0 = Release|Any CPU
		{67A0C49A-6869-499A-A51C-22B74B475B36}.Release|x86.ActiveCfg = Release|Any CPU
		{67A0C49A-6869-499A-A51C-22B74B475B36}.Release|x86.Build.0 = Release|Any CPU
		{87A300FF-964B-4144-8308-539CC46904BD}.Debug|Any CPU.ActiveCfg = Debug|Any CPU
		{87A300FF-964B-4144-8308-539CC46904BD}.Debug|Any CPU.Build.0 = Debug|Any CPU
		{87A300FF-964B-4144-8308-539CC46904BD}.Debug|x64.ActiveCfg = Debug|Any CPU
		{87A300FF-964B-4144-8308-539CC46904BD}.Debug|x64.Build.0 = Debug|Any CPU
		{87A300FF-964B-4144-8308-539CC46904BD}.Debug|x86.ActiveCfg = Debug|Any CPU
		{87A300FF-964B-4144-8308-539CC46904BD}.Debug|x86.Build.0 = Debug|Any CPU
		{87A300FF-964B-4144-8308-539CC46904BD}.Release|Any CPU.ActiveCfg = Release|Any CPU
		{87A300FF-964B-4144-8308-539CC46904BD}.Release|Any CPU.Build.0 = Release|Any CPU
		{87A300FF-964B-4144-8308-539CC46904BD}.Release|x64.ActiveCfg = Release|Any CPU
		{87A300FF-964B-4144-8308-539CC46904BD}.Release|x64.Build.0 = Release|Any CPU
		{87A300FF-964B-4144-8308-539CC46904BD}.Release|x86.ActiveCfg = Release|Any CPU
		{87A300FF-964B-4144-8308-539CC46904BD}.Release|x86.Build.0 = Release|Any CPU
		{4CBC8EB3-445A-4976-887A-2511E11A2D8D}.Debug|Any CPU.ActiveCfg = Debug|Any CPU
		{4CBC8EB3-445A-4976-887A-2511E11A2D8D}.Debug|Any CPU.Build.0 = Debug|Any CPU
		{4CBC8EB3-445A-4976-887A-2511E11A2D8D}.Debug|x64.ActiveCfg = Debug|Any CPU
		{4CBC8EB3-445A-4976-887A-2511E11A2D8D}.Debug|x64.Build.0 = Debug|Any CPU
		{4CBC8EB3-445A-4976-887A-2511E11A2D8D}.Debug|x86.ActiveCfg = Debug|Any CPU
		{4CBC8EB3-445A-4976-887A-2511E11A2D8D}.Debug|x86.Build.0 = Debug|Any CPU
		{4CBC8EB3-445A-4976-887A-2511E11A2D8D}.Release|Any CPU.ActiveCfg = Release|Any CPU
		{4CBC8EB3-445A-4976-887A-2511E11A2D8D}.Release|Any CPU.Build.0 = Release|Any CPU
		{4CBC8EB3-445A-4976-887A-2511E11A2D8D}.Release|x64.ActiveCfg = Release|Any CPU
		{4CBC8EB3-445A-4976-887A-2511E11A2D8D}.Release|x64.Build.0 = Release|Any CPU
		{4CBC8EB3-445A-4976-887A-2511E11A2D8D}.Release|x86.ActiveCfg = Release|Any CPU
		{4CBC8EB3-445A-4976-887A-2511E11A2D8D}.Release|x86.Build.0 = Release|Any CPU
	EndGlobalSection
	GlobalSection(SolutionProperties) = preSolution
		HideSolutionNode = FALSE
	EndGlobalSection
	GlobalSection(NestedProjects) = preSolution
		{65290EA3-4751-4EEB-B43E-7E220BC82B60} = {1EF3941C-B07D-4D39-A501-3A0C4C9AF71A}
		{C6F5FFD5-0F5B-4D27-A213-94A14ED6DA6F} = {1EF3941C-B07D-4D39-A501-3A0C4C9AF71A}
		{6F616909-EAAD-4481-8956-1CA771C15723} = {1EF3941C-B07D-4D39-A501-3A0C4C9AF71A}
		{C0918466-A5AD-48F5-9C36-CA7D21FA0990} = {1EF3941C-B07D-4D39-A501-3A0C4C9AF71A}
		{CD5BAC2E-D493-4163-8550-AF5C5C508F62} = {32360CA4-7B86-4398-BF7B-C826E26669E4}
		{B9A3A487-7CD2-4112-9C6A-A466B7309DB7} = {32360CA4-7B86-4398-BF7B-C826E26669E4}
		{0E560A82-A92F-4C11-85CF-06BC0573A872} = {39C20EE5-616C-4E92-A0E8-1B4DA4DF0376}
		{787036D6-8D2B-4163-ADCD-E4233294D553} = {39C20EE5-616C-4E92-A0E8-1B4DA4DF0376}
		{DC957630-97CC-482C-9F4F-B60CBF05C751} = {39C20EE5-616C-4E92-A0E8-1B4DA4DF0376}
		{81B62743-C683-48F7-8DC3-19AA9F778460} = {32360CA4-7B86-4398-BF7B-C826E26669E4}
		{96AF7748-6D90-443D-834F-6F3DEEA64694} = {67E1F929-7858-4166-A2BB-5101292EA3AE}
		{8CB65DED-C083-41D9-A26C-4ECBB2C5043E} = {67E1F929-7858-4166-A2BB-5101292EA3AE}
		{7AB22521-D20B-42C2-BB35-FF40A8E76E55} = {7B07A50C-761E-4068-94BE-41DACEA4AC94}
		{EBBC32A0-3B12-4A8B-95EA-8EE3A54D2D0D} = {7B07A50C-761E-4068-94BE-41DACEA4AC94}
		{2B18AC24-698E-4475-95AB-394016B38EDC} = {7B07A50C-761E-4068-94BE-41DACEA4AC94}
		{A8CAA4FE-A4B1-4883-9E1A-A0A7D3FA03C2} = {7B07A50C-761E-4068-94BE-41DACEA4AC94}
		{E2D5C1A8-F04A-4CB6-BCF4-3D81AA1FE29D} = {67E1F929-7858-4166-A2BB-5101292EA3AE}
		{8AE7B912-61A8-4453-A98B-FBD4AD49E9F0} = {1317721D-A917-47E1-A004-6FE0CB5C94E5}
		{414A611C-75DB-4341-9EB7-19786D67D1D5} = {1317721D-A917-47E1-A004-6FE0CB5C94E5}
		{BC9E6A97-9AE6-4067-9479-104929B86A9F} = {1317721D-A917-47E1-A004-6FE0CB5C94E5}
		{F06F031D-4300-4441-BF5F-3A1FFAA5E5C3} = {1317721D-A917-47E1-A004-6FE0CB5C94E5}
		{B61C591A-1EC4-4478-91CF-5DE1CD402C4E} = {FDA247B9-A17B-415C-8573-83E39EE0EADA}
		{86514E62-9EFE-446D-9BA6-00BB39317FB7} = {FDA247B9-A17B-415C-8573-83E39EE0EADA}
		{852594C0-A27A-43E6-8CD4-C9C723E17E87} = {FFB2B179-D092-4ABC-81E6-9F5D89752C66}
		{FFB2B179-D092-4ABC-81E6-9F5D89752C66} = {FDA247B9-A17B-415C-8573-83E39EE0EADA}
		{7D55978B-4A9D-47D3-9D2E-5629C1726226} = {FFB2B179-D092-4ABC-81E6-9F5D89752C66}
		{2EF7A419-F136-4862-A396-31D99A21B406} = {FFB2B179-D092-4ABC-81E6-9F5D89752C66}
		{5C874E64-8174-4B04-A20D-092F8F3629E6} = {1317721D-A917-47E1-A004-6FE0CB5C94E5}
		{7B07A50C-761E-4068-94BE-41DACEA4AC94} = {67E1F929-7858-4166-A2BB-5101292EA3AE}
		{39C20EE5-616C-4E92-A0E8-1B4DA4DF0376} = {32360CA4-7B86-4398-BF7B-C826E26669E4}
		{72E0E2C6-2CE0-45F2-A7A2-D8A101294809} = {FDA247B9-A17B-415C-8573-83E39EE0EADA}
		{E45E2A8B-497B-40BD-9F27-A1546725BBCA} = {AF8A5A88-8392-46B2-A7AF-43D69EA90E02}
		{990AC424-A584-4E3E-A517-624B59200240} = {AF8A5A88-8392-46B2-A7AF-43D69EA90E02}
		{53BF7678-B26C-42B6-837E-5E6A10D5DAD4} = {AF8A5A88-8392-46B2-A7AF-43D69EA90E02}
		{19189387-D9D3-48F5-B96A-46DB51582A69} = {AF6DD880-0D97-4BDF-B8AE-5855DD8BDC3B}
		{1E7483E1-44FD-490A-8027-6D02756D109E} = {AF6DD880-0D97-4BDF-B8AE-5855DD8BDC3B}
		{0D3E8DFA-200A-4278-A228-A80204B5CFC3} = {AF6DD880-0D97-4BDF-B8AE-5855DD8BDC3B}
		{8F47CE55-B71D-46D2-A1BE-FEDBB95B2328} = {0D3E8DFA-200A-4278-A228-A80204B5CFC3}
		{49B1DF8F-77DF-4C62-86F3-BFC5A74559B1} = {0D3E8DFA-200A-4278-A228-A80204B5CFC3}
		{783CB419-C0F2-4B03-9790-09152B6213C4} = {0D3E8DFA-200A-4278-A228-A80204B5CFC3}
		{2CBA0863-4D92-4E43-9140-3F08E3DAEC78} = {0D3E8DFA-200A-4278-A228-A80204B5CFC3}
		{BB35FDC9-5398-439D-AD52-0CE3E05A54AF} = {0D3E8DFA-200A-4278-A228-A80204B5CFC3}
		{CFB1226A-9093-447D-9237-1219ED46E97C} = {6FA89863-B0DC-4671-BF0B-81956AED7FB9}
		{ED13BC65-DA53-4442-8AE7-DAC5D6109BA1} = {6FA89863-B0DC-4671-BF0B-81956AED7FB9}
		{08A7B8E1-9599-41FE-876B-609FB18B3A04} = {6FA89863-B0DC-4671-BF0B-81956AED7FB9}
		{69376953-0D88-4583-B429-04DD292E8564} = {08A7B8E1-9599-41FE-876B-609FB18B3A04}
		{FCF74E97-FF79-4417-974D-E2AC93A569D8} = {08A7B8E1-9599-41FE-876B-609FB18B3A04}
		{E3C139E6-4A6F-4116-99ED-8FC8820BC60F} = {9DC0FD24-F08D-420C-A0BC-3B42A1B46885}
		{B7356CC4-0F83-48AB-9BDA-497172FB2D03} = {9DC0FD24-F08D-420C-A0BC-3B42A1B46885}
		{B1F63A2C-BB3C-4F0F-8D06-9C9F279AED51} = {9DC0FD24-F08D-420C-A0BC-3B42A1B46885}
		{D43B791F-42CB-46D7-969D-3E820D040057} = {F4BBFAE6-DFF8-4220-B388-2A47419D6EC0}
		{1AD22C49-7D3C-44C7-B6F8-B941B1F1A699} = {F4BBFAE6-DFF8-4220-B388-2A47419D6EC0}
		{231B766F-6B28-431D-AA52-4846B658F156} = {F4BBFAE6-DFF8-4220-B388-2A47419D6EC0}
		{44219E20-5BF4-48E5-9EAE-2A38EC2ADB9E} = {1317721D-A917-47E1-A004-6FE0CB5C94E5}
		{10E373BF-5CC2-438D-8062-8BE9FBD8CB22} = {5C874E64-8174-4B04-A20D-092F8F3629E6}
		{D2BAFDC4-0EED-44A1-BC73-39A2B7FCA1AF} = {5C874E64-8174-4B04-A20D-092F8F3629E6}
		{54BD0B74-21FE-45E3-85DD-1EAD6B711EEE} = {5C874E64-8174-4B04-A20D-092F8F3629E6}
		{550695A5-6AD7-4999-87E9-0FF8DF4ACDD5} = {5C874E64-8174-4B04-A20D-092F8F3629E6}
		{E13E2889-2336-4002-9485-962E4786A4AD} = {5C874E64-8174-4B04-A20D-092F8F3629E6}
		{7B51FAAC-B767-46A6-8D76-35CEEAD9D463} = {B30ECC30-F291-45BC-A460-42CB9907BB79}
		{60DE4DEF-177C-4ED5-9844-9DAFF8E168F9} = {B30ECC30-F291-45BC-A460-42CB9907BB79}
		{FBB434BE-98E7-4156-86AD-BEAE8C839D79} = {B30ECC30-F291-45BC-A460-42CB9907BB79}
		{9C009F31-86C9-4175-8E52-E4760A667CB3} = {FBB434BE-98E7-4156-86AD-BEAE8C839D79}
		{533B21B9-37A5-420D-9AE9-0DE2C4B3D294} = {FBB434BE-98E7-4156-86AD-BEAE8C839D79}
		{E3C02BCA-A88A-4A0A-BACE-3643D3822774} = {FBB434BE-98E7-4156-86AD-BEAE8C839D79}
		{A7EB5BD9-C5B2-4D62-83DC-72B9A54209CA} = {FBB434BE-98E7-4156-86AD-BEAE8C839D79}
		{87A300FF-964B-4144-8308-539CC46904BD} = {FBB434BE-98E7-4156-86AD-BEAE8C839D79}
		{4CBC8EB3-445A-4976-887A-2511E11A2D8D} = {1317721D-A917-47E1-A004-6FE0CB5C94E5}
	EndGlobalSection
	GlobalSection(ExtensibilityGlobals) = postSolution
		SolutionGuid = {10760DFC-489A-43C7-947A-7189A0157E9E}
	EndGlobalSection
EndGlobal
